// !$*UTF8*$!
{
	archiveVersion = 1;
	classes = {
	};
	objectVersion = 46;
	objects = {

/* Begin PBXBuildFile section */
		5503C11D1CDBA87C00FC7F50 /* OggAudioFileComponent.cpp in Sources */ = {isa = PBXBuildFile; fileRef = 5503C11B1CDBA87C00FC7F50 /* OggAudioFileComponent.cpp */; };
		5503C12A1CDBA90000FC7F50 /* AudioFileComponentBase.cpp in Sources */ = {isa = PBXBuildFile; fileRef = 5503C1201CDBA90000FC7F50 /* AudioFileComponentBase.cpp */; };
		5503C12B1CDBA90000FC7F50 /* AudioFileFormat.cpp in Sources */ = {isa = PBXBuildFile; fileRef = 5503C1221CDBA90000FC7F50 /* AudioFileFormat.cpp */; };
		5503C12C1CDBA90000FC7F50 /* AudioFileObject.cpp in Sources */ = {isa = PBXBuildFile; fileRef = 5503C1241CDBA90000FC7F50 /* AudioFileObject.cpp */; };
		5503C12D1CDBA90000FC7F50 /* CompressedPacketTable.cpp in Sources */ = {isa = PBXBuildFile; fileRef = 5503C1261CDBA90000FC7F50 /* CompressedPacketTable.cpp */; };
		5503C12E1CDBA90000FC7F50 /* DataSource.cpp in Sources */ = {isa = PBXBuildFile; fileRef = 5503C1281CDBA90000FC7F50 /* DataSource.cpp */; };
		5503C1311CDBA9ED00FC7F50 /* OggAudioFile.cpp in Sources */ = {isa = PBXBuildFile; fileRef = 5503C12F1CDBA9ED00FC7F50 /* OggAudioFile.cpp */; };
		5503C1451CDBAA9A00FC7F50 /* CACFArray.cpp in Sources */ = {isa = PBXBuildFile; fileRef = 5503C1321CDBAA9A00FC7F50 /* CACFArray.cpp */; };
		5503C1461CDBAA9A00FC7F50 /* CACFDictionary.cpp in Sources */ = {isa = PBXBuildFile; fileRef = 5503C1351CDBAA9A00FC7F50 /* CACFDictionary.cpp */; };
		5503C1471CDBAA9A00FC7F50 /* CACFDistributedNotification.cpp in Sources */ = {isa = PBXBuildFile; fileRef = 5503C1371CDBAA9A00FC7F50 /* CACFDistributedNotification.cpp */; };
		5503C1481CDBAA9A00FC7F50 /* CACFMachPort.cpp in Sources */ = {isa = PBXBuildFile; fileRef = 5503C1391CDBAA9A00FC7F50 /* CACFMachPort.cpp */; };
		5503C1491CDBAA9A00FC7F50 /* CACFMessagePort.cpp in Sources */ = {isa = PBXBuildFile; fileRef = 5503C13B1CDBAA9A00FC7F50 /* CACFMessagePort.cpp */; };
		5503C14A1CDBAA9A00FC7F50 /* CACFNumber.cpp in Sources */ = {isa = PBXBuildFile; fileRef = 5503C13D1CDBAA9A00FC7F50 /* CACFNumber.cpp */; };
		5503C14B1CDBAA9A00FC7F50 /* CACFPreferences.cpp in Sources */ = {isa = PBXBuildFile; fileRef = 5503C1411CDBAA9A00FC7F50 /* CACFPreferences.cpp */; };
		5503C14C1CDBAA9A00FC7F50 /* CACFString.cpp in Sources */ = {isa = PBXBuildFile; fileRef = 5503C1431CDBAA9A00FC7F50 /* CACFString.cpp */; };
		5503C14E1CDBB3AD00FC7F50 /* AudioToolbox.framework in Frameworks */ = {isa = PBXBuildFile; fileRef = 5503C14D1CDBB3AD00FC7F50 /* AudioToolbox.framework */; };
		5530E6541CD3F2FD00071A6D /* CAFLACDecoder.cpp in Sources */ = {isa = PBXBuildFile; fileRef = 5530E64C1CD3F2FD00071A6D /* CAFLACDecoder.cpp */; };
		5530E6551CD3F2FD00071A6D /* CAOggFLACDecoder.cpp in Sources */ = {isa = PBXBuildFile; fileRef = 5530E64F1CD3F2FD00071A6D /* CAOggFLACDecoder.cpp */; };
		5530E6601CD3F31900071A6D /* CAOggSpeexDecoder.cpp in Sources */ = {isa = PBXBuildFile; fileRef = 5530E6581CD3F31900071A6D /* CAOggSpeexDecoder.cpp */; };
		5530E6621CD3F31900071A6D /* CASpeexDecoder.cpp in Sources */ = {isa = PBXBuildFile; fileRef = 5530E65B1CD3F31900071A6D /* CASpeexDecoder.cpp */; };
		5530E6701CD3F32D00071A6D /* CAOggVorbisDecoder.cpp in Sources */ = {isa = PBXBuildFile; fileRef = 5530E6651CD3F32D00071A6D /* CAOggVorbisDecoder.cpp */; };
		5530E6721CD3F32D00071A6D /* CAVorbisDecoder.cpp in Sources */ = {isa = PBXBuildFile; fileRef = 5530E6681CD3F32D00071A6D /* CAVorbisDecoder.cpp */; };
		5530E6731CD3F32D00071A6D /* CAVorbisEncoder.cpp in Sources */ = {isa = PBXBuildFile; fileRef = 5530E66B1CD3F32D00071A6D /* CAVorbisEncoder.cpp */; };
		5530E6B51CD3F88B00071A6D /* XCACodec.cpp in Sources */ = {isa = PBXBuildFile; fileRef = 5530E6B31CD3F88B00071A6D /* XCACodec.cpp */; };
		5530E6BC1CD3F8B500071A6D /* ringbuffer.cpp in Sources */ = {isa = PBXBuildFile; fileRef = 5530E6B81CD3F8B500071A6D /* ringbuffer.cpp */; };
		5530E6BD1CD3F8B500071A6D /* wrap_ogg.cpp in Sources */ = {isa = PBXBuildFile; fileRef = 5530E6BA1CD3F8B500071A6D /* wrap_ogg.cpp */; };
		5530E6D61CD3F8D000071A6D /* ACBaseCodec.cpp in Sources */ = {isa = PBXBuildFile; fileRef = 5530E6C11CD3F8D000071A6D /* ACBaseCodec.cpp */; };
		5530E6D71CD3F8D000071A6D /* ACCodec.cpp in Sources */ = {isa = PBXBuildFile; fileRef = 5530E6C31CD3F8D000071A6D /* ACCodec.cpp */; };
		5530E6D81CD3F8D000071A6D /* GetCodecBundle.cpp in Sources */ = {isa = PBXBuildFile; fileRef = 5530E6C81CD3F8D000071A6D /* GetCodecBundle.cpp */; };
		5530E6DA1CD3F8D000071A6D /* CABundleLocker.cpp in Sources */ = {isa = PBXBuildFile; fileRef = 5530E6CC1CD3F8D000071A6D /* CABundleLocker.cpp */; };
		5530E6DB1CD3F8D000071A6D /* CADebugMacros.cpp in Sources */ = {isa = PBXBuildFile; fileRef = 5530E6CF1CD3F8D000071A6D /* CADebugMacros.cpp */; };
		5530E6DC1CD3F8D000071A6D /* CADebugPrintf.cpp in Sources */ = {isa = PBXBuildFile; fileRef = 5530E6D11CD3F8D000071A6D /* CADebugPrintf.cpp */; };
		5530E6DD1CD3F8D000071A6D /* CAStreamBasicDescription.cpp in Sources */ = {isa = PBXBuildFile; fileRef = 5530E6D41CD3F8D000071A6D /* CAStreamBasicDescription.cpp */; };
		5530E6E81CD400A200071A6D /* libflac.a in Frameworks */ = {isa = PBXBuildFile; fileRef = 5530E6471CD3F2D700071A6D /* libflac.a */; };
		5530E6E91CD400A200071A6D /* libflac++.a in Frameworks */ = {isa = PBXBuildFile; fileRef = 5530E6491CD3F2D700071A6D /* libflac++.a */; };
		5530E6EA1CD400A200071A6D /* libogg.a in Frameworks */ = {isa = PBXBuildFile; fileRef = 5530E67E1CD3F35600071A6D /* libogg.a */; };
		5530E6EB1CD400A200071A6D /* libspeex.a in Frameworks */ = {isa = PBXBuildFile; fileRef = 5530E6A21CD3F3A300071A6D /* libspeex.a */; };
		5530E6EC1CD400A200071A6D /* libvorbis.a in Frameworks */ = {isa = PBXBuildFile; fileRef = 5530E6951CD3F38E00071A6D /* libvorbis.a */; };
		5530E6ED1CD400A200071A6D /* libvorbisenc.a in Frameworks */ = {isa = PBXBuildFile; fileRef = 5530E6971CD3F38E00071A6D /* libvorbisenc.a */; };
		5530E6EE1CD400A200071A6D /* libvorbisfile.a in Frameworks */ = {isa = PBXBuildFile; fileRef = 5530E6991CD3F38E00071A6D /* libvorbisfile.a */; };
		5530E7291CD40DFD00071A6D /* EntryPoints.cpp in Sources */ = {isa = PBXBuildFile; fileRef = 5530E7281CD40DFD00071A6D /* EntryPoints.cpp */; };
		5530E76D1CD40EE500071A6D /* CAXException.cpp in Sources */ = {isa = PBXBuildFile; fileRef = 5530E76B1CD40EE500071A6D /* CAXException.cpp */; };
		5530E76F1CD40F6300071A6D /* CoreFoundation.framework in Frameworks */ = {isa = PBXBuildFile; fileRef = 5530E76E1CD40F6300071A6D /* CoreFoundation.framework */; };
		5530E7711CD40F6800071A6D /* CoreAudio.framework in Frameworks */ = {isa = PBXBuildFile; fileRef = 5530E7701CD40F6800071A6D /* CoreAudio.framework */; };
		5530E77D1CD4184700071A6D /* ComponentBase.cpp in Sources */ = {isa = PBXBuildFile; fileRef = 5530E73A1CD40EC100071A6D /* ComponentBase.cpp */; };
		5530E77E1CD4188700071A6D /* AUPlugInDispatch.cpp in Sources */ = {isa = PBXBuildFile; fileRef = 5530E7351CD40EC100071A6D /* AUPlugInDispatch.cpp */; };
		5530E7841CD419E600071A6D /* CAVectorUnit.cpp in Sources */ = {isa = PBXBuildFile; fileRef = 5530E7811CD419E600071A6D /* CAVectorUnit.cpp */; };
		5530E7871CD41A0B00071A6D /* CAMutex.cpp in Sources */ = {isa = PBXBuildFile; fileRef = 5530E7851CD41A0B00071A6D /* CAMutex.cpp */; };
		5530E7881CD41A2400071A6D /* AUBase.cpp in Sources */ = {isa = PBXBuildFile; fileRef = 5530E72D1CD40EC100071A6D /* AUBase.cpp */; };
		5530E78C1CD41A4100071A6D /* CAAudioChannelLayout.cpp in Sources */ = {isa = PBXBuildFile; fileRef = 5530E7891CD41A4100071A6D /* CAAudioChannelLayout.cpp */; };
		5530E78D1CD41A4100071A6D /* CAAudioChannelLayoutObject.cpp in Sources */ = {isa = PBXBuildFile; fileRef = 5530E78B1CD41A4100071A6D /* CAAudioChannelLayoutObject.cpp */; };
		5530E7901CD41A6700071A6D /* CAHostTimeBase.cpp in Sources */ = {isa = PBXBuildFile; fileRef = 5530E78E1CD41A6700071A6D /* CAHostTimeBase.cpp */; };
		5530E7911CD41A9700071A6D /* AUScopeElement.cpp in Sources */ = {isa = PBXBuildFile; fileRef = 5530E7381CD40EC100071A6D /* AUScopeElement.cpp */; };
		5530E7921CD41AB300071A6D /* AUBuffer.cpp in Sources */ = {isa = PBXBuildFile; fileRef = 5530E7641CD40EC100071A6D /* AUBuffer.cpp */; };
		5530E7941CD41AF000071A6D /* AudioUnit.framework in Frameworks */ = {isa = PBXBuildFile; fileRef = 5530E7931CD41AF000071A6D /* AudioUnit.framework */; };
		5530E7951CD41B0600071A6D /* AUOutputElement.cpp in Sources */ = {isa = PBXBuildFile; fileRef = 5530E7331CD40EC100071A6D /* AUOutputElement.cpp */; };
		5530E7961CD41B0D00071A6D /* AUInputElement.cpp in Sources */ = {isa = PBXBuildFile; fileRef = 5530E7311CD40EC100071A6D /* AUInputElement.cpp */; };
		5530E7971CD41B3000071A6D /* AUDispatch.cpp in Sources */ = {isa = PBXBuildFile; fileRef = 5530E72F1CD40EC100071A6D /* AUDispatch.cpp */; };
		5530E79A1CD41BE000071A6D /* ACPlugInDispatch.cpp in Sources */ = {isa = PBXBuildFile; fileRef = 5530E7981CD41BE000071A6D /* ACPlugInDispatch.cpp */; };
		556F3E9E1D54D5A600332834 /* FLACAudioFileComponent.r in Rez */ = {isa = PBXBuildFile; fileRef = 556F3E9D1D54D5A600332834 /* FLACAudioFileComponent.r */; };
		559E53281D546CC800F2D50F /* FLACAudioFile.cpp in Sources */ = {isa = PBXBuildFile; fileRef = 559E53231D546CC800F2D50F /* FLACAudioFile.cpp */; };
		559E53291D546CC800F2D50F /* FLACAudioFileComponent.cpp in Sources */ = {isa = PBXBuildFile; fileRef = 559E53251D546CC800F2D50F /* FLACAudioFileComponent.cpp */; };
		55F124381CD51B8C00CA90BE /* CAFLACDecoderPublic.r in Rez */ = {isa = PBXBuildFile; fileRef = 5530E64E1CD3F2FD00071A6D /* CAFLACDecoderPublic.r */; };
		55F124391CD51B9B00CA90BE /* CAVorbisDecoderPublic.r in Rez */ = {isa = PBXBuildFile; fileRef = 5530E66A1CD3F32D00071A6D /* CAVorbisDecoderPublic.r */; };
		55F1243A1CD51B9B00CA90BE /* CAVorbisEncoderPublic.r in Rez */ = {isa = PBXBuildFile; fileRef = 5530E66D1CD3F32D00071A6D /* CAVorbisEncoderPublic.r */; };
		55F1243B1CD51B9B00CA90BE /* CASpeexDecoderPublic.r in Rez */ = {isa = PBXBuildFile; fileRef = 5530E65D1CD3F31900071A6D /* CASpeexDecoderPublic.r */; };
		55F124401CD51C2600CA90BE /* icon.icns in Resources */ = {isa = PBXBuildFile; fileRef = 55F1243D1CD51BF300CA90BE /* icon.icns */; };
/* End PBXBuildFile section */

/* Begin PBXContainerItemProxy section */
		5530E6421CD3F2D700071A6D /* PBXContainerItemProxy */ = {
			isa = PBXContainerItemProxy;
			containerPortal = 5530E63B1CD3F2D700071A6D /* FLAC.xcodeproj */;
			proxyType = 2;
			remoteGlobalIDString = 8D07F2C80486CC7A007CD1D0;
			remoteInfo = FLAC;
		};
		5530E6441CD3F2D700071A6D /* PBXContainerItemProxy */ = {
			isa = PBXContainerItemProxy;
			containerPortal = 5530E63B1CD3F2D700071A6D /* FLAC.xcodeproj */;
			proxyType = 2;
			remoteGlobalIDString = 73E1968C0A0D24C100D40234;
			remoteInfo = "FLAC++";
		};
		5530E6461CD3F2D700071A6D /* PBXContainerItemProxy */ = {
			isa = PBXContainerItemProxy;
			containerPortal = 5530E63B1CD3F2D700071A6D /* FLAC.xcodeproj */;
			proxyType = 2;
			remoteGlobalIDString = 73744B1B0B1A1C43002B059E;
			remoteInfo = "libflac (static)";
		};
		5530E6481CD3F2D700071A6D /* PBXContainerItemProxy */ = {
			isa = PBXContainerItemProxy;
			containerPortal = 5530E63B1CD3F2D700071A6D /* FLAC.xcodeproj */;
			proxyType = 2;
			remoteGlobalIDString = 73744B520B1A21DA002B059E;
			remoteInfo = "libflac++ (static)";
		};
		5530E67B1CD3F35600071A6D /* PBXContainerItemProxy */ = {
			isa = PBXContainerItemProxy;
			containerPortal = 5530E6761CD3F35600071A6D /* Ogg.xcodeproj */;
			proxyType = 2;
			remoteGlobalIDString = 8D07F2C80486CC7A007CD1D0;
			remoteInfo = Ogg;
		};
		5530E67D1CD3F35600071A6D /* PBXContainerItemProxy */ = {
			isa = PBXContainerItemProxy;
			containerPortal = 5530E6761CD3F35600071A6D /* Ogg.xcodeproj */;
			proxyType = 2;
			remoteGlobalIDString = 734FB2E50B18B33E00D561D7;
			remoteInfo = "libogg (static)";
		};
		5530E6921CD3F38E00071A6D /* PBXContainerItemProxy */ = {
			isa = PBXContainerItemProxy;
			containerPortal = 5530E68B1CD3F38E00071A6D /* Vorbis.xcodeproj */;
			proxyType = 2;
			remoteGlobalIDString = 730F23F1091827B100AB638C;
			remoteInfo = Vorbis;
		};
		5530E6941CD3F38E00071A6D /* PBXContainerItemProxy */ = {
			isa = PBXContainerItemProxy;
			containerPortal = 5530E68B1CD3F38E00071A6D /* Vorbis.xcodeproj */;
			proxyType = 2;
			remoteGlobalIDString = 738835E40B18F870005C7A69;
			remoteInfo = "libvorbis (static)";
		};
		5530E6961CD3F38E00071A6D /* PBXContainerItemProxy */ = {
			isa = PBXContainerItemProxy;
			containerPortal = 5530E68B1CD3F38E00071A6D /* Vorbis.xcodeproj */;
			proxyType = 2;
			remoteGlobalIDString = 738836130B190488005C7A69;
			remoteInfo = "libvorbisenc (static)";
		};
		5530E6981CD3F38E00071A6D /* PBXContainerItemProxy */ = {
			isa = PBXContainerItemProxy;
			containerPortal = 5530E68B1CD3F38E00071A6D /* Vorbis.xcodeproj */;
			proxyType = 2;
			remoteGlobalIDString = 738836220B1905E5005C7A69;
			remoteInfo = "libvorbisfile (static)";
		};
		5530E69F1CD3F3A300071A6D /* PBXContainerItemProxy */ = {
			isa = PBXContainerItemProxy;
			containerPortal = 5530E69A1CD3F3A200071A6D /* Speex.xcodeproj */;
			proxyType = 2;
			remoteGlobalIDString = 8D07F2C80486CC7A007CD1D0;
			remoteInfo = Speex;
		};
		5530E6A11CD3F3A300071A6D /* PBXContainerItemProxy */ = {
			isa = PBXContainerItemProxy;
			containerPortal = 5530E69A1CD3F3A200071A6D /* Speex.xcodeproj */;
			proxyType = 2;
			remoteGlobalIDString = 734FB2E50B18B33E00D561D7;
			remoteInfo = "libspeex (static)";
		};
		5530E6DE1CD3F92400071A6D /* PBXContainerItemProxy */ = {
			isa = PBXContainerItemProxy;
			containerPortal = 5530E69A1CD3F3A200071A6D /* Speex.xcodeproj */;
			proxyType = 1;
			remoteGlobalIDString = 8D07F2BC0486CC7A007CD1D0;
			remoteInfo = Speex;
		};
		5530E6E01CD3F92400071A6D /* PBXContainerItemProxy */ = {
			isa = PBXContainerItemProxy;
			containerPortal = 5530E68B1CD3F38E00071A6D /* Vorbis.xcodeproj */;
			proxyType = 1;
			remoteGlobalIDString = 730F23A1091827B100AB638C;
			remoteInfo = Vorbis;
		};
		5530E6E21CD3F92400071A6D /* PBXContainerItemProxy */ = {
			isa = PBXContainerItemProxy;
			containerPortal = 5530E63B1CD3F2D700071A6D /* FLAC.xcodeproj */;
			proxyType = 1;
			remoteGlobalIDString = 8D07F2BC0486CC7A007CD1D0;
			remoteInfo = FLAC;
		};
		5530E6E41CD3F92400071A6D /* PBXContainerItemProxy */ = {
			isa = PBXContainerItemProxy;
			containerPortal = 5530E63B1CD3F2D700071A6D /* FLAC.xcodeproj */;
			proxyType = 1;
			remoteGlobalIDString = 73E1968B0A0D24C100D40234;
			remoteInfo = "FLAC++";
		};
		5530E6E61CD3F92400071A6D /* PBXContainerItemProxy */ = {
			isa = PBXContainerItemProxy;
			containerPortal = 5530E6761CD3F35600071A6D /* Ogg.xcodeproj */;
			proxyType = 1;
			remoteGlobalIDString = 8D07F2BC0486CC7A007CD1D0;
			remoteInfo = Ogg;
		};
/* End PBXContainerItemProxy section */

/* Begin PBXFileReference section */
		5503C11B1CDBA87C00FC7F50 /* OggAudioFileComponent.cpp */ = {isa = PBXFileReference; fileEncoding = 4; lastKnownFileType = sourcecode.cpp.cpp; path = OggAudioFileComponent.cpp; sourceTree = "<group>"; };
		5503C11C1CDBA87C00FC7F50 /* OggAudioFileComponent.hpp */ = {isa = PBXFileReference; fileEncoding = 4; lastKnownFileType = sourcecode.cpp.h; path = OggAudioFileComponent.hpp; sourceTree = "<group>"; };
		5503C1201CDBA90000FC7F50 /* AudioFileComponentBase.cpp */ = {isa = PBXFileReference; fileEncoding = 4; lastKnownFileType = sourcecode.cpp.cpp; path = AudioFileComponentBase.cpp; sourceTree = "<group>"; };
		5503C1211CDBA90000FC7F50 /* AudioFileComponentBase.h */ = {isa = PBXFileReference; fileEncoding = 4; lastKnownFileType = sourcecode.c.h; path = AudioFileComponentBase.h; sourceTree = "<group>"; };
		5503C1221CDBA90000FC7F50 /* AudioFileFormat.cpp */ = {isa = PBXFileReference; fileEncoding = 4; lastKnownFileType = sourcecode.cpp.cpp; path = AudioFileFormat.cpp; sourceTree = "<group>"; };
		5503C1231CDBA90000FC7F50 /* AudioFileFormat.h */ = {isa = PBXFileReference; fileEncoding = 4; lastKnownFileType = sourcecode.c.h; path = AudioFileFormat.h; sourceTree = "<group>"; };
		5503C1241CDBA90000FC7F50 /* AudioFileObject.cpp */ = {isa = PBXFileReference; fileEncoding = 4; lastKnownFileType = sourcecode.cpp.cpp; path = AudioFileObject.cpp; sourceTree = "<group>"; };
		5503C1251CDBA90000FC7F50 /* AudioFileObject.h */ = {isa = PBXFileReference; fileEncoding = 4; lastKnownFileType = sourcecode.c.h; path = AudioFileObject.h; sourceTree = "<group>"; };
		5503C1261CDBA90000FC7F50 /* CompressedPacketTable.cpp */ = {isa = PBXFileReference; fileEncoding = 4; lastKnownFileType = sourcecode.cpp.cpp; path = CompressedPacketTable.cpp; sourceTree = "<group>"; };
		5503C1271CDBA90000FC7F50 /* CompressedPacketTable.h */ = {isa = PBXFileReference; fileEncoding = 4; lastKnownFileType = sourcecode.c.h; path = CompressedPacketTable.h; sourceTree = "<group>"; };
		5503C1281CDBA90000FC7F50 /* DataSource.cpp */ = {isa = PBXFileReference; fileEncoding = 4; lastKnownFileType = sourcecode.cpp.cpp; path = DataSource.cpp; sourceTree = "<group>"; };
		5503C1291CDBA90000FC7F50 /* DataSource.h */ = {isa = PBXFileReference; fileEncoding = 4; lastKnownFileType = sourcecode.c.h; path = DataSource.h; sourceTree = "<group>"; };
		5503C12F1CDBA9ED00FC7F50 /* OggAudioFile.cpp */ = {isa = PBXFileReference; fileEncoding = 4; lastKnownFileType = sourcecode.cpp.cpp; path = OggAudioFile.cpp; sourceTree = "<group>"; };
		5503C1301CDBA9ED00FC7F50 /* OggAudioFile.hpp */ = {isa = PBXFileReference; fileEncoding = 4; lastKnownFileType = sourcecode.cpp.h; path = OggAudioFile.hpp; sourceTree = "<group>"; };
		5503C1321CDBAA9A00FC7F50 /* CACFArray.cpp */ = {isa = PBXFileReference; fileEncoding = 4; lastKnownFileType = sourcecode.cpp.cpp; path = CACFArray.cpp; sourceTree = "<group>"; };
		5503C1331CDBAA9A00FC7F50 /* CACFArray.h */ = {isa = PBXFileReference; fileEncoding = 4; lastKnownFileType = sourcecode.c.h; path = CACFArray.h; sourceTree = "<group>"; };
		5503C1341CDBAA9A00FC7F50 /* CACFData.h */ = {isa = PBXFileReference; fileEncoding = 4; lastKnownFileType = sourcecode.c.h; path = CACFData.h; sourceTree = "<group>"; };
		5503C1351CDBAA9A00FC7F50 /* CACFDictionary.cpp */ = {isa = PBXFileReference; fileEncoding = 4; lastKnownFileType = sourcecode.cpp.cpp; path = CACFDictionary.cpp; sourceTree = "<group>"; };
		5503C1361CDBAA9A00FC7F50 /* CACFDictionary.h */ = {isa = PBXFileReference; fileEncoding = 4; lastKnownFileType = sourcecode.c.h; path = CACFDictionary.h; sourceTree = "<group>"; };
		5503C1371CDBAA9A00FC7F50 /* CACFDistributedNotification.cpp */ = {isa = PBXFileReference; fileEncoding = 4; lastKnownFileType = sourcecode.cpp.cpp; path = CACFDistributedNotification.cpp; sourceTree = "<group>"; };
		5503C1381CDBAA9A00FC7F50 /* CACFDistributedNotification.h */ = {isa = PBXFileReference; fileEncoding = 4; lastKnownFileType = sourcecode.c.h; path = CACFDistributedNotification.h; sourceTree = "<group>"; };
		5503C1391CDBAA9A00FC7F50 /* CACFMachPort.cpp */ = {isa = PBXFileReference; fileEncoding = 4; lastKnownFileType = sourcecode.cpp.cpp; path = CACFMachPort.cpp; sourceTree = "<group>"; };
		5503C13A1CDBAA9A00FC7F50 /* CACFMachPort.h */ = {isa = PBXFileReference; fileEncoding = 4; lastKnownFileType = sourcecode.c.h; path = CACFMachPort.h; sourceTree = "<group>"; };
		5503C13B1CDBAA9A00FC7F50 /* CACFMessagePort.cpp */ = {isa = PBXFileReference; fileEncoding = 4; lastKnownFileType = sourcecode.cpp.cpp; path = CACFMessagePort.cpp; sourceTree = "<group>"; };
		5503C13C1CDBAA9A00FC7F50 /* CACFMessagePort.h */ = {isa = PBXFileReference; fileEncoding = 4; lastKnownFileType = sourcecode.c.h; path = CACFMessagePort.h; sourceTree = "<group>"; };
		5503C13D1CDBAA9A00FC7F50 /* CACFNumber.cpp */ = {isa = PBXFileReference; fileEncoding = 4; lastKnownFileType = sourcecode.cpp.cpp; path = CACFNumber.cpp; sourceTree = "<group>"; };
		5503C13E1CDBAA9A00FC7F50 /* CACFNumber.h */ = {isa = PBXFileReference; fileEncoding = 4; lastKnownFileType = sourcecode.c.h; path = CACFNumber.h; sourceTree = "<group>"; };
		5503C13F1CDBAA9A00FC7F50 /* CACFObject.h */ = {isa = PBXFileReference; fileEncoding = 4; lastKnownFileType = sourcecode.c.h; path = CACFObject.h; sourceTree = "<group>"; };
		5503C1401CDBAA9A00FC7F50 /* CACFPlugIn.h */ = {isa = PBXFileReference; fileEncoding = 4; lastKnownFileType = sourcecode.c.h; path = CACFPlugIn.h; sourceTree = "<group>"; };
		5503C1411CDBAA9A00FC7F50 /* CACFPreferences.cpp */ = {isa = PBXFileReference; fileEncoding = 4; lastKnownFileType = sourcecode.cpp.cpp; path = CACFPreferences.cpp; sourceTree = "<group>"; };
		5503C1421CDBAA9A00FC7F50 /* CACFPreferences.h */ = {isa = PBXFileReference; fileEncoding = 4; lastKnownFileType = sourcecode.c.h; path = CACFPreferences.h; sourceTree = "<group>"; };
		5503C1431CDBAA9A00FC7F50 /* CACFString.cpp */ = {isa = PBXFileReference; fileEncoding = 4; lastKnownFileType = sourcecode.cpp.cpp; path = CACFString.cpp; sourceTree = "<group>"; };
		5503C1441CDBAA9A00FC7F50 /* CACFString.h */ = {isa = PBXFileReference; fileEncoding = 4; lastKnownFileType = sourcecode.c.h; path = CACFString.h; sourceTree = "<group>"; };
		5503C14D1CDBB3AD00FC7F50 /* AudioToolbox.framework */ = {isa = PBXFileReference; lastKnownFileType = wrapper.framework; name = AudioToolbox.framework; path = System/Library/Frameworks/AudioToolbox.framework; sourceTree = SDKROOT; };
		5530E6301CD3F27D00071A6D /* Xiph Audio Components.component */ = {isa = PBXFileReference; explicitFileType = wrapper.cfbundle; includeInIndex = 0; path = "Xiph Audio Components.component"; sourceTree = BUILT_PRODUCTS_DIR; };
		5530E6331CD3F27D00071A6D /* Info.plist */ = {isa = PBXFileReference; lastKnownFileType = text.plist.xml; path = Info.plist; sourceTree = "<group>"; };
		5530E6391CD3F29300071A6D /* DefaultConfigs.xcconfig */ = {isa = PBXFileReference; lastKnownFileType = text.xcconfig; name = DefaultConfigs.xcconfig; path = ../DefaultConfigs.xcconfig; sourceTree = "<group>"; };
		5530E63A1CD3F29300071A6D /* DebugConfigs.xcconfig */ = {isa = PBXFileReference; lastKnownFileType = text.xcconfig; name = DebugConfigs.xcconfig; path = ../DebugConfigs.xcconfig; sourceTree = "<group>"; };
		5530E63B1CD3F2D700071A6D /* FLAC.xcodeproj */ = {isa = PBXFileReference; lastKnownFileType = "wrapper.pb-project"; name = FLAC.xcodeproj; path = "../build-macosx/flac-support/FLAC.xcodeproj"; sourceTree = "<group>"; };
		5530E64B1CD3F2FD00071A6D /* CAFLACCodec.exp */ = {isa = PBXFileReference; fileEncoding = 4; lastKnownFileType = sourcecode.exports; path = CAFLACCodec.exp; sourceTree = "<group>"; };
		5530E64C1CD3F2FD00071A6D /* CAFLACDecoder.cpp */ = {isa = PBXFileReference; fileEncoding = 4; lastKnownFileType = sourcecode.cpp.cpp; path = CAFLACDecoder.cpp; sourceTree = "<group>"; };
		5530E64D1CD3F2FD00071A6D /* CAFLACDecoder.h */ = {isa = PBXFileReference; fileEncoding = 4; lastKnownFileType = sourcecode.c.h; path = CAFLACDecoder.h; sourceTree = "<group>"; };
		5530E64E1CD3F2FD00071A6D /* CAFLACDecoderPublic.r */ = {isa = PBXFileReference; fileEncoding = 4; lastKnownFileType = sourcecode.rez; path = CAFLACDecoderPublic.r; sourceTree = "<group>"; };
		5530E64F1CD3F2FD00071A6D /* CAOggFLACDecoder.cpp */ = {isa = PBXFileReference; fileEncoding = 4; lastKnownFileType = sourcecode.cpp.cpp; path = CAOggFLACDecoder.cpp; sourceTree = "<group>"; };
		5530E6501CD3F2FD00071A6D /* CAOggFLACDecoder.h */ = {isa = PBXFileReference; fileEncoding = 4; lastKnownFileType = sourcecode.c.h; path = CAOggFLACDecoder.h; sourceTree = "<group>"; };
		5530E6511CD3F2FD00071A6D /* flac_entrypoints.cpp */ = {isa = PBXFileReference; fileEncoding = 4; lastKnownFileType = sourcecode.cpp.cpp; path = flac_entrypoints.cpp; sourceTree = "<group>"; };
		5530E6521CD3F2FD00071A6D /* flac_versions.h */ = {isa = PBXFileReference; fileEncoding = 4; lastKnownFileType = sourcecode.c.h; path = flac_versions.h; sourceTree = "<group>"; };
		5530E6581CD3F31900071A6D /* CAOggSpeexDecoder.cpp */ = {isa = PBXFileReference; fileEncoding = 4; lastKnownFileType = sourcecode.cpp.cpp; path = CAOggSpeexDecoder.cpp; sourceTree = "<group>"; };
		5530E6591CD3F31900071A6D /* CAOggSpeexDecoder.h */ = {isa = PBXFileReference; fileEncoding = 4; lastKnownFileType = sourcecode.c.h; path = CAOggSpeexDecoder.h; sourceTree = "<group>"; };
		5530E65A1CD3F31900071A6D /* CASpeexCodec.exp */ = {isa = PBXFileReference; fileEncoding = 4; lastKnownFileType = sourcecode.exports; path = CASpeexCodec.exp; sourceTree = "<group>"; };
		5530E65B1CD3F31900071A6D /* CASpeexDecoder.cpp */ = {isa = PBXFileReference; fileEncoding = 4; lastKnownFileType = sourcecode.cpp.cpp; path = CASpeexDecoder.cpp; sourceTree = "<group>"; };
		5530E65C1CD3F31900071A6D /* CASpeexDecoder.h */ = {isa = PBXFileReference; fileEncoding = 4; lastKnownFileType = sourcecode.c.h; path = CASpeexDecoder.h; sourceTree = "<group>"; };
		5530E65D1CD3F31900071A6D /* CASpeexDecoderPublic.r */ = {isa = PBXFileReference; fileEncoding = 4; lastKnownFileType = sourcecode.rez; path = CASpeexDecoderPublic.r; sourceTree = "<group>"; };
		5530E65E1CD3F31900071A6D /* speex_entrypoints.cpp */ = {isa = PBXFileReference; fileEncoding = 4; lastKnownFileType = sourcecode.cpp.cpp; path = speex_entrypoints.cpp; sourceTree = "<group>"; };
		5530E65F1CD3F31900071A6D /* speex_versions.h */ = {isa = PBXFileReference; fileEncoding = 4; lastKnownFileType = sourcecode.c.h; path = speex_versions.h; sourceTree = "<group>"; };
		5530E6651CD3F32D00071A6D /* CAOggVorbisDecoder.cpp */ = {isa = PBXFileReference; fileEncoding = 4; lastKnownFileType = sourcecode.cpp.cpp; path = CAOggVorbisDecoder.cpp; sourceTree = "<group>"; };
		5530E6661CD3F32D00071A6D /* CAOggVorbisDecoder.h */ = {isa = PBXFileReference; fileEncoding = 4; lastKnownFileType = sourcecode.c.h; path = CAOggVorbisDecoder.h; sourceTree = "<group>"; };
		5530E6671CD3F32D00071A6D /* CAVorbisCodec.exp */ = {isa = PBXFileReference; fileEncoding = 4; lastKnownFileType = sourcecode.exports; path = CAVorbisCodec.exp; sourceTree = "<group>"; };
		5530E6681CD3F32D00071A6D /* CAVorbisDecoder.cpp */ = {isa = PBXFileReference; fileEncoding = 4; lastKnownFileType = sourcecode.cpp.cpp; path = CAVorbisDecoder.cpp; sourceTree = "<group>"; };
		5530E6691CD3F32D00071A6D /* CAVorbisDecoder.h */ = {isa = PBXFileReference; fileEncoding = 4; lastKnownFileType = sourcecode.c.h; path = CAVorbisDecoder.h; sourceTree = "<group>"; };
		5530E66A1CD3F32D00071A6D /* CAVorbisDecoderPublic.r */ = {isa = PBXFileReference; fileEncoding = 4; lastKnownFileType = sourcecode.rez; path = CAVorbisDecoderPublic.r; sourceTree = "<group>"; };
		5530E66B1CD3F32D00071A6D /* CAVorbisEncoder.cpp */ = {isa = PBXFileReference; fileEncoding = 4; lastKnownFileType = sourcecode.cpp.cpp; path = CAVorbisEncoder.cpp; sourceTree = "<group>"; };
		5530E66C1CD3F32D00071A6D /* CAVorbisEncoder.h */ = {isa = PBXFileReference; fileEncoding = 4; lastKnownFileType = sourcecode.c.h; path = CAVorbisEncoder.h; sourceTree = "<group>"; };
		5530E66D1CD3F32D00071A6D /* CAVorbisEncoderPublic.r */ = {isa = PBXFileReference; fileEncoding = 4; lastKnownFileType = sourcecode.rez; path = CAVorbisEncoderPublic.r; sourceTree = "<group>"; };
		5530E66E1CD3F32D00071A6D /* vorbis_entrypoints.cpp */ = {isa = PBXFileReference; fileEncoding = 4; lastKnownFileType = sourcecode.cpp.cpp; path = vorbis_entrypoints.cpp; sourceTree = "<group>"; };
		5530E66F1CD3F32D00071A6D /* vorbis_versions.h */ = {isa = PBXFileReference; fileEncoding = 4; lastKnownFileType = sourcecode.c.h; path = vorbis_versions.h; sourceTree = "<group>"; };
		5530E6761CD3F35600071A6D /* Ogg.xcodeproj */ = {isa = PBXFileReference; lastKnownFileType = "wrapper.pb-project"; name = Ogg.xcodeproj; path = "../external-libs/ogg/macosx/Ogg.xcodeproj"; sourceTree = "<group>"; };
		5530E68B1CD3F38E00071A6D /* Vorbis.xcodeproj */ = {isa = PBXFileReference; lastKnownFileType = "wrapper.pb-project"; name = Vorbis.xcodeproj; path = "../external-libs/vorbis/macosx/Vorbis.xcodeproj"; sourceTree = "<group>"; };
		5530E69A1CD3F3A200071A6D /* Speex.xcodeproj */ = {isa = PBXFileReference; lastKnownFileType = "wrapper.pb-project"; name = Speex.xcodeproj; path = "../external-libs/speex/macosx/Speex.xcodeproj"; sourceTree = "<group>"; };
		5530E6B01CD3F88B00071A6D /* config.h */ = {isa = PBXFileReference; fileEncoding = 4; lastKnownFileType = sourcecode.c.h; path = config.h; sourceTree = "<group>"; };
		5530E6B11CD3F88B00071A6D /* data_types.h */ = {isa = PBXFileReference; fileEncoding = 4; lastKnownFileType = sourcecode.c.h; path = data_types.h; sourceTree = "<group>"; };
		5530E6B21CD3F88B00071A6D /* fccs.h */ = {isa = PBXFileReference; fileEncoding = 4; lastKnownFileType = sourcecode.c.h; path = fccs.h; sourceTree = "<group>"; };
		5530E6B31CD3F88B00071A6D /* XCACodec.cpp */ = {isa = PBXFileReference; fileEncoding = 4; lastKnownFileType = sourcecode.cpp.cpp; path = XCACodec.cpp; sourceTree = "<group>"; };
		5530E6B41CD3F88B00071A6D /* XCACodec.h */ = {isa = PBXFileReference; fileEncoding = 4; lastKnownFileType = sourcecode.c.h; path = XCACodec.h; sourceTree = "<group>"; };
		5530E6B71CD3F8B500071A6D /* debug.h */ = {isa = PBXFileReference; fileEncoding = 4; lastKnownFileType = sourcecode.c.h; path = debug.h; sourceTree = "<group>"; };
		5530E6B81CD3F8B500071A6D /* ringbuffer.cpp */ = {isa = PBXFileReference; fileEncoding = 4; lastKnownFileType = sourcecode.cpp.cpp; path = ringbuffer.cpp; sourceTree = "<group>"; };
		5530E6B91CD3F8B500071A6D /* ringbuffer.h */ = {isa = PBXFileReference; fileEncoding = 4; lastKnownFileType = sourcecode.c.h; path = ringbuffer.h; sourceTree = "<group>"; };
		5530E6BA1CD3F8B500071A6D /* wrap_ogg.cpp */ = {isa = PBXFileReference; fileEncoding = 4; lastKnownFileType = sourcecode.cpp.cpp; path = wrap_ogg.cpp; sourceTree = "<group>"; };
		5530E6BB1CD3F8B500071A6D /* wrap_ogg.h */ = {isa = PBXFileReference; fileEncoding = 4; lastKnownFileType = sourcecode.c.h; path = wrap_ogg.h; sourceTree = "<group>"; };
		5530E6C11CD3F8D000071A6D /* ACBaseCodec.cpp */ = {isa = PBXFileReference; fileEncoding = 4; lastKnownFileType = sourcecode.cpp.cpp; path = ACBaseCodec.cpp; sourceTree = "<group>"; };
		5530E6C21CD3F8D000071A6D /* ACBaseCodec.h */ = {isa = PBXFileReference; fileEncoding = 4; lastKnownFileType = sourcecode.c.h; path = ACBaseCodec.h; sourceTree = "<group>"; };
		5530E6C31CD3F8D000071A6D /* ACCodec.cpp */ = {isa = PBXFileReference; fileEncoding = 4; lastKnownFileType = sourcecode.cpp.cpp; path = ACCodec.cpp; sourceTree = "<group>"; };
		5530E6C41CD3F8D000071A6D /* ACCodec.h */ = {isa = PBXFileReference; fileEncoding = 4; lastKnownFileType = sourcecode.c.h; path = ACCodec.h; sourceTree = "<group>"; };
		5530E6C61CD3F8D000071A6D /* ACCodecDispatchTypes.h */ = {isa = PBXFileReference; fileEncoding = 4; lastKnownFileType = sourcecode.c.h; path = ACCodecDispatchTypes.h; sourceTree = "<group>"; };
		5530E6C71CD3F8D000071A6D /* ACConditionalMacros.h */ = {isa = PBXFileReference; fileEncoding = 4; lastKnownFileType = sourcecode.c.h; path = ACConditionalMacros.h; sourceTree = "<group>"; };
		5530E6C81CD3F8D000071A6D /* GetCodecBundle.cpp */ = {isa = PBXFileReference; fileEncoding = 4; lastKnownFileType = sourcecode.cpp.cpp; path = GetCodecBundle.cpp; sourceTree = "<group>"; };
		5530E6C91CD3F8D000071A6D /* GetCodecBundle.h */ = {isa = PBXFileReference; fileEncoding = 4; lastKnownFileType = sourcecode.c.h; path = GetCodecBundle.h; sourceTree = "<group>"; };
		5530E6CC1CD3F8D000071A6D /* CABundleLocker.cpp */ = {isa = PBXFileReference; fileEncoding = 4; lastKnownFileType = sourcecode.cpp.cpp; path = CABundleLocker.cpp; sourceTree = "<group>"; };
		5530E6CD1CD3F8D000071A6D /* CABundleLocker.h */ = {isa = PBXFileReference; fileEncoding = 4; lastKnownFileType = sourcecode.c.h; path = CABundleLocker.h; sourceTree = "<group>"; };
		5530E6CF1CD3F8D000071A6D /* CADebugMacros.cpp */ = {isa = PBXFileReference; fileEncoding = 4; lastKnownFileType = sourcecode.cpp.cpp; path = CADebugMacros.cpp; sourceTree = "<group>"; };
		5530E6D01CD3F8D000071A6D /* CADebugMacros.h */ = {isa = PBXFileReference; fileEncoding = 4; lastKnownFileType = sourcecode.c.h; path = CADebugMacros.h; sourceTree = "<group>"; };
		5530E6D11CD3F8D000071A6D /* CADebugPrintf.cpp */ = {isa = PBXFileReference; fileEncoding = 4; lastKnownFileType = sourcecode.cpp.cpp; path = CADebugPrintf.cpp; sourceTree = "<group>"; };
		5530E6D21CD3F8D000071A6D /* CADebugPrintf.h */ = {isa = PBXFileReference; fileEncoding = 4; lastKnownFileType = sourcecode.c.h; path = CADebugPrintf.h; sourceTree = "<group>"; };
		5530E6D31CD3F8D000071A6D /* CAMath.h */ = {isa = PBXFileReference; fileEncoding = 4; lastKnownFileType = sourcecode.c.h; path = CAMath.h; sourceTree = "<group>"; };
		5530E6D41CD3F8D000071A6D /* CAStreamBasicDescription.cpp */ = {isa = PBXFileReference; fileEncoding = 4; lastKnownFileType = sourcecode.cpp.cpp; path = CAStreamBasicDescription.cpp; sourceTree = "<group>"; };
		5530E6D51CD3F8D000071A6D /* CAStreamBasicDescription.h */ = {isa = PBXFileReference; fileEncoding = 4; lastKnownFileType = sourcecode.c.h; path = CAStreamBasicDescription.h; sourceTree = "<group>"; };
		5530E6EF1CD4014200071A6D /* Components.exp */ = {isa = PBXFileReference; lastKnownFileType = sourcecode.exports; path = Components.exp; sourceTree = "<group>"; };
		5530E7281CD40DFD00071A6D /* EntryPoints.cpp */ = {isa = PBXFileReference; fileEncoding = 4; lastKnownFileType = sourcecode.cpp.cpp; path = EntryPoints.cpp; sourceTree = "<group>"; };
		5530E72D1CD40EC100071A6D /* AUBase.cpp */ = {isa = PBXFileReference; lastKnownFileType = sourcecode.cpp.cpp; path = AUBase.cpp; sourceTree = "<group>"; };
		5530E72E1CD40EC100071A6D /* AUBase.h */ = {isa = PBXFileReference; lastKnownFileType = sourcecode.c.h; path = AUBase.h; sourceTree = "<group>"; };
		5530E72F1CD40EC100071A6D /* AUDispatch.cpp */ = {isa = PBXFileReference; lastKnownFileType = sourcecode.cpp.cpp; path = AUDispatch.cpp; sourceTree = "<group>"; };
		5530E7301CD40EC100071A6D /* AUDispatch.h */ = {isa = PBXFileReference; lastKnownFileType = sourcecode.c.h; path = AUDispatch.h; sourceTree = "<group>"; };
		5530E7311CD40EC100071A6D /* AUInputElement.cpp */ = {isa = PBXFileReference; lastKnownFileType = sourcecode.cpp.cpp; path = AUInputElement.cpp; sourceTree = "<group>"; };
		5530E7321CD40EC100071A6D /* AUInputElement.h */ = {isa = PBXFileReference; lastKnownFileType = sourcecode.c.h; path = AUInputElement.h; sourceTree = "<group>"; };
		5530E7331CD40EC100071A6D /* AUOutputElement.cpp */ = {isa = PBXFileReference; lastKnownFileType = sourcecode.cpp.cpp; path = AUOutputElement.cpp; sourceTree = "<group>"; };
		5530E7341CD40EC100071A6D /* AUOutputElement.h */ = {isa = PBXFileReference; lastKnownFileType = sourcecode.c.h; path = AUOutputElement.h; sourceTree = "<group>"; };
		5530E7351CD40EC100071A6D /* AUPlugInDispatch.cpp */ = {isa = PBXFileReference; lastKnownFileType = sourcecode.cpp.cpp; path = AUPlugInDispatch.cpp; sourceTree = "<group>"; };
		5530E7361CD40EC100071A6D /* AUPlugInDispatch.h */ = {isa = PBXFileReference; lastKnownFileType = sourcecode.c.h; path = AUPlugInDispatch.h; sourceTree = "<group>"; };
		5530E7371CD40EC100071A6D /* AUResources.r */ = {isa = PBXFileReference; lastKnownFileType = sourcecode.rez; path = AUResources.r; sourceTree = "<group>"; };
		5530E7381CD40EC100071A6D /* AUScopeElement.cpp */ = {isa = PBXFileReference; lastKnownFileType = sourcecode.cpp.cpp; path = AUScopeElement.cpp; sourceTree = "<group>"; };
		5530E7391CD40EC100071A6D /* AUScopeElement.h */ = {isa = PBXFileReference; lastKnownFileType = sourcecode.c.h; path = AUScopeElement.h; sourceTree = "<group>"; };
		5530E73A1CD40EC100071A6D /* ComponentBase.cpp */ = {isa = PBXFileReference; lastKnownFileType = sourcecode.cpp.cpp; path = ComponentBase.cpp; sourceTree = "<group>"; };
		5530E73B1CD40EC100071A6D /* ComponentBase.h */ = {isa = PBXFileReference; lastKnownFileType = sourcecode.c.h; path = ComponentBase.h; sourceTree = "<group>"; };
		5530E7621CD40EC100071A6D /* AUBaseHelper.cpp */ = {isa = PBXFileReference; lastKnownFileType = sourcecode.cpp.cpp; path = AUBaseHelper.cpp; sourceTree = "<group>"; };
		5530E7631CD40EC100071A6D /* AUBaseHelper.h */ = {isa = PBXFileReference; lastKnownFileType = sourcecode.c.h; path = AUBaseHelper.h; sourceTree = "<group>"; };
		5530E7641CD40EC100071A6D /* AUBuffer.cpp */ = {isa = PBXFileReference; lastKnownFileType = sourcecode.cpp.cpp; path = AUBuffer.cpp; sourceTree = "<group>"; };
		5530E7651CD40EC100071A6D /* AUBuffer.h */ = {isa = PBXFileReference; lastKnownFileType = sourcecode.c.h; path = AUBuffer.h; sourceTree = "<group>"; };
		5530E7661CD40EC100071A6D /* AUInputFormatConverter.h */ = {isa = PBXFileReference; lastKnownFileType = sourcecode.c.h; path = AUInputFormatConverter.h; sourceTree = "<group>"; };
		5530E7671CD40EC100071A6D /* AUMIDIDefs.h */ = {isa = PBXFileReference; lastKnownFileType = sourcecode.c.h; path = AUMIDIDefs.h; sourceTree = "<group>"; };
		5530E7681CD40EC100071A6D /* AUSilentTimeout.h */ = {isa = PBXFileReference; lastKnownFileType = sourcecode.c.h; path = AUSilentTimeout.h; sourceTree = "<group>"; };
		5530E7691CD40EC100071A6D /* AUTimestampGenerator.cpp */ = {isa = PBXFileReference; lastKnownFileType = sourcecode.cpp.cpp; path = AUTimestampGenerator.cpp; sourceTree = "<group>"; };
		5530E76A1CD40EC100071A6D /* AUTimestampGenerator.h */ = {isa = PBXFileReference; lastKnownFileType = sourcecode.c.h; path = AUTimestampGenerator.h; sourceTree = "<group>"; };
		5530E76B1CD40EE500071A6D /* CAXException.cpp */ = {isa = PBXFileReference; fileEncoding = 4; lastKnownFileType = sourcecode.cpp.cpp; path = CAXException.cpp; sourceTree = "<group>"; };
		5530E76C1CD40EE500071A6D /* CAXException.h */ = {isa = PBXFileReference; fileEncoding = 4; lastKnownFileType = sourcecode.c.h; path = CAXException.h; sourceTree = "<group>"; };
		5530E76E1CD40F6300071A6D /* CoreFoundation.framework */ = {isa = PBXFileReference; lastKnownFileType = wrapper.framework; name = CoreFoundation.framework; path = System/Library/Frameworks/CoreFoundation.framework; sourceTree = SDKROOT; };
		5530E7701CD40F6800071A6D /* CoreAudio.framework */ = {isa = PBXFileReference; lastKnownFileType = wrapper.framework; name = CoreAudio.framework; path = System/Library/Frameworks/CoreAudio.framework; sourceTree = SDKROOT; };
		5530E77F1CD4199900071A6D /* CAAutoDisposer.h */ = {isa = PBXFileReference; lastKnownFileType = sourcecode.c.h; path = CAAutoDisposer.h; sourceTree = "<group>"; };
		5530E7801CD419B700071A6D /* CAThreadSafeList.h */ = {isa = PBXFileReference; lastKnownFileType = sourcecode.c.h; path = CAThreadSafeList.h; sourceTree = "<group>"; };
		5530E7811CD419E600071A6D /* CAVectorUnit.cpp */ = {isa = PBXFileReference; fileEncoding = 4; lastKnownFileType = sourcecode.cpp.cpp; path = CAVectorUnit.cpp; sourceTree = "<group>"; };
		5530E7821CD419E600071A6D /* CAVectorUnit.h */ = {isa = PBXFileReference; fileEncoding = 4; lastKnownFileType = sourcecode.c.h; path = CAVectorUnit.h; sourceTree = "<group>"; };
		5530E7831CD419E600071A6D /* CAVectorUnitTypes.h */ = {isa = PBXFileReference; fileEncoding = 4; lastKnownFileType = sourcecode.c.h; path = CAVectorUnitTypes.h; sourceTree = "<group>"; };
		5530E7851CD41A0B00071A6D /* CAMutex.cpp */ = {isa = PBXFileReference; fileEncoding = 4; lastKnownFileType = sourcecode.cpp.cpp; path = CAMutex.cpp; sourceTree = "<group>"; };
		5530E7861CD41A0B00071A6D /* CAMutex.h */ = {isa = PBXFileReference; fileEncoding = 4; lastKnownFileType = sourcecode.c.h; path = CAMutex.h; sourceTree = "<group>"; };
		5530E7891CD41A4100071A6D /* CAAudioChannelLayout.cpp */ = {isa = PBXFileReference; fileEncoding = 4; lastKnownFileType = sourcecode.cpp.cpp; path = CAAudioChannelLayout.cpp; sourceTree = "<group>"; };
		5530E78A1CD41A4100071A6D /* CAAudioChannelLayout.h */ = {isa = PBXFileReference; fileEncoding = 4; lastKnownFileType = sourcecode.c.h; path = CAAudioChannelLayout.h; sourceTree = "<group>"; };
		5530E78B1CD41A4100071A6D /* CAAudioChannelLayoutObject.cpp */ = {isa = PBXFileReference; fileEncoding = 4; lastKnownFileType = sourcecode.cpp.cpp; path = CAAudioChannelLayoutObject.cpp; sourceTree = "<group>"; };
		5530E78E1CD41A6700071A6D /* CAHostTimeBase.cpp */ = {isa = PBXFileReference; fileEncoding = 4; lastKnownFileType = sourcecode.cpp.cpp; path = CAHostTimeBase.cpp; sourceTree = "<group>"; };
		5530E78F1CD41A6700071A6D /* CAHostTimeBase.h */ = {isa = PBXFileReference; fileEncoding = 4; lastKnownFileType = sourcecode.c.h; path = CAHostTimeBase.h; sourceTree = "<group>"; };
		5530E7931CD41AF000071A6D /* AudioUnit.framework */ = {isa = PBXFileReference; lastKnownFileType = wrapper.framework; name = AudioUnit.framework; path = System/Library/Frameworks/AudioUnit.framework; sourceTree = SDKROOT; };
		5530E7981CD41BE000071A6D /* ACPlugInDispatch.cpp */ = {isa = PBXFileReference; fileEncoding = 4; lastKnownFileType = sourcecode.cpp.cpp; path = ACPlugInDispatch.cpp; sourceTree = "<group>"; };
		5530E7991CD41BE000071A6D /* ACPlugInDispatch.h */ = {isa = PBXFileReference; fileEncoding = 4; lastKnownFileType = sourcecode.c.h; path = ACPlugInDispatch.h; sourceTree = "<group>"; };
		556F3E9D1D54D5A600332834 /* FLACAudioFileComponent.r */ = {isa = PBXFileReference; fileEncoding = 4; lastKnownFileType = sourcecode.rez; path = FLACAudioFileComponent.r; sourceTree = "<group>"; };
		559E53181D54630300F2D50F /* CAAtomic.h */ = {isa = PBXFileReference; lastKnownFileType = sourcecode.c.h; path = CAAtomic.h; sourceTree = "<group>"; };
		559E53191D54630300F2D50F /* CAAtomicStack.h */ = {isa = PBXFileReference; lastKnownFileType = sourcecode.c.h; path = CAAtomicStack.h; sourceTree = "<group>"; };
		559E53231D546CC800F2D50F /* FLACAudioFile.cpp */ = {isa = PBXFileReference; fileEncoding = 4; lastKnownFileType = sourcecode.cpp.cpp; path = FLACAudioFile.cpp; sourceTree = "<group>"; };
		559E53241D546CC800F2D50F /* FLACAudioFile.h */ = {isa = PBXFileReference; fileEncoding = 4; lastKnownFileType = sourcecode.c.h; path = FLACAudioFile.h; sourceTree = "<group>"; };
		559E53251D546CC800F2D50F /* FLACAudioFileComponent.cpp */ = {isa = PBXFileReference; fileEncoding = 4; lastKnownFileType = sourcecode.cpp.cpp; path = FLACAudioFileComponent.cpp; sourceTree = "<group>"; };
		559E53261D546CC800F2D50F /* FLACAudioFileComponent.exp */ = {isa = PBXFileReference; fileEncoding = 4; lastKnownFileType = sourcecode.exports; path = FLACAudioFileComponent.exp; sourceTree = "<group>"; };
		559E53271D546CC800F2D50F /* FLACAudioFileComponent.h */ = {isa = PBXFileReference; fileEncoding = 4; lastKnownFileType = sourcecode.c.h; path = FLACAudioFileComponent.h; sourceTree = "<group>"; };
		559E532B1D546D2E00F2D50F /* ACFLACResIDs.h */ = {isa = PBXFileReference; fileEncoding = 4; lastKnownFileType = sourcecode.c.h; path = ACFLACResIDs.h; sourceTree = "<group>"; };
		559E532C1D546D2E00F2D50F /* ACFLACVersions.h */ = {isa = PBXFileReference; fileEncoding = 4; lastKnownFileType = sourcecode.c.h; path = ACFLACVersions.h; sourceTree = "<group>"; };
		559E532D1D546D3800F2D50F /* ACFLACApple.h */ = {isa = PBXFileReference; fileEncoding = 4; lastKnownFileType = sourcecode.c.h; path = ACFLACApple.h; sourceTree = "<group>"; };
		55F1243C1CD51BDE00CA90BE /* XCAResources.r */ = {isa = PBXFileReference; lastKnownFileType = sourcecode.rez; path = XCAResources.r; sourceTree = "<group>"; };
		55F1243D1CD51BF300CA90BE /* icon.icns */ = {isa = PBXFileReference; lastKnownFileType = image.icns; path = icon.icns; sourceTree = "<group>"; };
		55F1243E1CD51BF400CA90BE /* icon.r */ = {isa = PBXFileReference; lastKnownFileType = sourcecode.rez; path = icon.r; sourceTree = "<group>"; };
/* End PBXFileReference section */

/* Begin PBXFrameworksBuildPhase section */
		5530E62D1CD3F27D00071A6D /* Frameworks */ = {
			isa = PBXFrameworksBuildPhase;
			buildActionMask = 2147483647;
			files = (
				5503C14E1CDBB3AD00FC7F50 /* AudioToolbox.framework in Frameworks */,
				5530E7941CD41AF000071A6D /* AudioUnit.framework in Frameworks */,
				5530E7711CD40F6800071A6D /* CoreAudio.framework in Frameworks */,
				5530E76F1CD40F6300071A6D /* CoreFoundation.framework in Frameworks */,
				5530E6E81CD400A200071A6D /* libflac.a in Frameworks */,
				5530E6E91CD400A200071A6D /* libflac++.a in Frameworks */,
				5530E6EA1CD400A200071A6D /* libogg.a in Frameworks */,
				5530E6EB1CD400A200071A6D /* libspeex.a in Frameworks */,
				5530E6EC1CD400A200071A6D /* libvorbis.a in Frameworks */,
				5530E6ED1CD400A200071A6D /* libvorbisenc.a in Frameworks */,
				5530E6EE1CD400A200071A6D /* libvorbisfile.a in Frameworks */,
			);
			runOnlyForDeploymentPostprocessing = 0;
		};
/* End PBXFrameworksBuildPhase section */

/* Begin PBXGroup section */
		5503C1131CDBA7F600FC7F50 /* CAOgg */ = {
			isa = PBXGroup;
			children = (
				5503C11B1CDBA87C00FC7F50 /* OggAudioFileComponent.cpp */,
				5503C11C1CDBA87C00FC7F50 /* OggAudioFileComponent.hpp */,
				5503C12F1CDBA9ED00FC7F50 /* OggAudioFile.cpp */,
				5503C1301CDBA9ED00FC7F50 /* OggAudioFile.hpp */,
			);
			name = CAOgg;
			path = ../../CAOgg;
			sourceTree = "<group>";
			usesTabs = 1;
		};
		5503C11E1CDBA90000FC7F50 /* AudioFile */ = {
			isa = PBXGroup;
			children = (
				5503C11F1CDBA90000FC7F50 /* AFPublic */,
			);
			path = AudioFile;
			sourceTree = "<group>";
		};
		5503C11F1CDBA90000FC7F50 /* AFPublic */ = {
			isa = PBXGroup;
			children = (
				5503C1201CDBA90000FC7F50 /* AudioFileComponentBase.cpp */,
				5503C1211CDBA90000FC7F50 /* AudioFileComponentBase.h */,
				5503C1221CDBA90000FC7F50 /* AudioFileFormat.cpp */,
				5503C1231CDBA90000FC7F50 /* AudioFileFormat.h */,
				5503C1241CDBA90000FC7F50 /* AudioFileObject.cpp */,
				5503C1251CDBA90000FC7F50 /* AudioFileObject.h */,
				5503C1261CDBA90000FC7F50 /* CompressedPacketTable.cpp */,
				5503C1271CDBA90000FC7F50 /* CompressedPacketTable.h */,
				5503C1281CDBA90000FC7F50 /* DataSource.cpp */,
				5503C1291CDBA90000FC7F50 /* DataSource.h */,
			);
			path = AFPublic;
			sourceTree = "<group>";
		};
		5530E6271CD3F27D00071A6D = {
			isa = PBXGroup;
			children = (
				5530E6391CD3F29300071A6D /* DefaultConfigs.xcconfig */,
				5530E63A1CD3F29300071A6D /* DebugConfigs.xcconfig */,
				5530E6321CD3F27D00071A6D /* Xiph Audio Components */,
				5530E6751CD3F33C00071A6D /* Frameworks */,
				5530E6311CD3F27D00071A6D /* Products */,
			);
			sourceTree = "<group>";
		};
		5530E6311CD3F27D00071A6D /* Products */ = {
			isa = PBXGroup;
			children = (
				5530E6301CD3F27D00071A6D /* Xiph Audio Components.component */,
			);
			name = Products;
			sourceTree = "<group>";
		};
		5530E6321CD3F27D00071A6D /* Xiph Audio Components */ = {
			isa = PBXGroup;
			children = (
				5530E6AE1CD3F86400071A6D /* Shared */,
				5530E6641CD3F32D00071A6D /* CAVorbis */,
				5530E6571CD3F31900071A6D /* CASpeex */,
				5530E64A1CD3F2FD00071A6D /* CAFLAC */,
				5503C1131CDBA7F600FC7F50 /* CAOgg */,
				559E53211D546C4200F2D50F /* FLAC Audio File */,
				5530E6331CD3F27D00071A6D /* Info.plist */,
				5530E6EF1CD4014200071A6D /* Components.exp */,
				5530E7281CD40DFD00071A6D /* EntryPoints.cpp */,
				55F1243F1CD51BFC00CA90BE /* Resources */,
			);
			path = "Xiph Audio Components";
			sourceTree = "<group>";
		};
		5530E63C1CD3F2D700071A6D /* Products */ = {
			isa = PBXGroup;
			children = (
				5530E6431CD3F2D700071A6D /* FLAC.framework */,
				5530E6451CD3F2D700071A6D /* FLAC++.framework */,
				5530E6471CD3F2D700071A6D /* libflac.a */,
				5530E6491CD3F2D700071A6D /* libflac++.a */,
			);
			name = Products;
			sourceTree = "<group>";
		};
		5530E64A1CD3F2FD00071A6D /* CAFLAC */ = {
			isa = PBXGroup;
			children = (
				5530E64B1CD3F2FD00071A6D /* CAFLACCodec.exp */,
				5530E64C1CD3F2FD00071A6D /* CAFLACDecoder.cpp */,
				5530E64D1CD3F2FD00071A6D /* CAFLACDecoder.h */,
				5530E64E1CD3F2FD00071A6D /* CAFLACDecoderPublic.r */,
				5530E64F1CD3F2FD00071A6D /* CAOggFLACDecoder.cpp */,
				5530E6501CD3F2FD00071A6D /* CAOggFLACDecoder.h */,
				5530E6511CD3F2FD00071A6D /* flac_entrypoints.cpp */,
				5530E6521CD3F2FD00071A6D /* flac_versions.h */,
			);
			name = CAFLAC;
			path = ../../CAFLAC/src;
			sourceTree = "<group>";
			usesTabs = 0;
		};
		5530E6571CD3F31900071A6D /* CASpeex */ = {
			isa = PBXGroup;
			children = (
				5530E6581CD3F31900071A6D /* CAOggSpeexDecoder.cpp */,
				5530E6591CD3F31900071A6D /* CAOggSpeexDecoder.h */,
				5530E65A1CD3F31900071A6D /* CASpeexCodec.exp */,
				5530E65B1CD3F31900071A6D /* CASpeexDecoder.cpp */,
				5530E65C1CD3F31900071A6D /* CASpeexDecoder.h */,
				5530E65D1CD3F31900071A6D /* CASpeexDecoderPublic.r */,
				5530E65E1CD3F31900071A6D /* speex_entrypoints.cpp */,
				5530E65F1CD3F31900071A6D /* speex_versions.h */,
			);
			name = CASpeex;
			path = ../../CASpeex/src;
			sourceTree = "<group>";
			usesTabs = 0;
		};
		5530E6641CD3F32D00071A6D /* CAVorbis */ = {
			isa = PBXGroup;
			children = (
				5530E6651CD3F32D00071A6D /* CAOggVorbisDecoder.cpp */,
				5530E6661CD3F32D00071A6D /* CAOggVorbisDecoder.h */,
				5530E6671CD3F32D00071A6D /* CAVorbisCodec.exp */,
				5530E6681CD3F32D00071A6D /* CAVorbisDecoder.cpp */,
				5530E6691CD3F32D00071A6D /* CAVorbisDecoder.h */,
				5530E66A1CD3F32D00071A6D /* CAVorbisDecoderPublic.r */,
				5530E66B1CD3F32D00071A6D /* CAVorbisEncoder.cpp */,
				5530E66C1CD3F32D00071A6D /* CAVorbisEncoder.h */,
				5530E66D1CD3F32D00071A6D /* CAVorbisEncoderPublic.r */,
				5530E66E1CD3F32D00071A6D /* vorbis_entrypoints.cpp */,
				5530E66F1CD3F32D00071A6D /* vorbis_versions.h */,
			);
			name = CAVorbis;
			path = ../../CAVorbis/src;
			sourceTree = "<group>";
			usesTabs = 0;
		};
		5530E6751CD3F33C00071A6D /* Frameworks */ = {
			isa = PBXGroup;
			children = (
				5503C14D1CDBB3AD00FC7F50 /* AudioToolbox.framework */,
				5530E7931CD41AF000071A6D /* AudioUnit.framework */,
				5530E7701CD40F6800071A6D /* CoreAudio.framework */,
				5530E76E1CD40F6300071A6D /* CoreFoundation.framework */,
				5530E69A1CD3F3A200071A6D /* Speex.xcodeproj */,
				5530E68B1CD3F38E00071A6D /* Vorbis.xcodeproj */,
				5530E63B1CD3F2D700071A6D /* FLAC.xcodeproj */,
				5530E6761CD3F35600071A6D /* Ogg.xcodeproj */,
			);
			name = Frameworks;
			sourceTree = "<group>";
		};
		5530E6771CD3F35600071A6D /* Products */ = {
			isa = PBXGroup;
			children = (
				5530E67C1CD3F35600071A6D /* Ogg.framework */,
				5530E67E1CD3F35600071A6D /* libogg.a */,
			);
			name = Products;
			sourceTree = "<group>";
		};
		5530E68C1CD3F38E00071A6D /* Products */ = {
			isa = PBXGroup;
			children = (
				5530E6931CD3F38E00071A6D /* Vorbis.framework */,
				5530E6951CD3F38E00071A6D /* libvorbis.a */,
				5530E6971CD3F38E00071A6D /* libvorbisenc.a */,
				5530E6991CD3F38E00071A6D /* libvorbisfile.a */,
			);
			name = Products;
			sourceTree = "<group>";
		};
		5530E69B1CD3F3A200071A6D /* Products */ = {
			isa = PBXGroup;
			children = (
				5530E6A01CD3F3A300071A6D /* Speex.framework */,
				5530E6A21CD3F3A300071A6D /* libspeex.a */,
			);
			name = Products;
			sourceTree = "<group>";
		};
		5530E6AE1CD3F86400071A6D /* Shared */ = {
			isa = PBXGroup;
			children = (
				5530E6BE1CD3F8D000071A6D /* CoreAudio */,
				5530E6B61CD3F8B500071A6D /* utils */,
				5530E6AF1CD3F88B00071A6D /* common */,
			);
			name = Shared;
			path = ../..;
			sourceTree = "<group>";
		};
		5530E6AF1CD3F88B00071A6D /* common */ = {
			isa = PBXGroup;
			children = (
				5530E6B01CD3F88B00071A6D /* config.h */,
				5530E6B11CD3F88B00071A6D /* data_types.h */,
				5530E6B21CD3F88B00071A6D /* fccs.h */,
				5530E6B31CD3F88B00071A6D /* XCACodec.cpp */,
				5530E6B41CD3F88B00071A6D /* XCACodec.h */,
			);
			path = common;
			sourceTree = "<group>";
		};
		5530E6B61CD3F8B500071A6D /* utils */ = {
			isa = PBXGroup;
			children = (
				5530E6B71CD3F8B500071A6D /* debug.h */,
				5530E6B81CD3F8B500071A6D /* ringbuffer.cpp */,
				5530E6B91CD3F8B500071A6D /* ringbuffer.h */,
				5530E6BA1CD3F8B500071A6D /* wrap_ogg.cpp */,
				5530E6BB1CD3F8B500071A6D /* wrap_ogg.h */,
			);
			path = utils;
			sourceTree = "<group>";
			usesTabs = 0;
		};
		5530E6BE1CD3F8D000071A6D /* CoreAudio */ = {
			isa = PBXGroup;
			children = (
				5503C11E1CDBA90000FC7F50 /* AudioFile */,
				5530E72A1CD40EC100071A6D /* AudioUnits */,
				5530E6BF1CD3F8D000071A6D /* AudioCodecs */,
				5530E6CB1CD3F8D000071A6D /* PublicUtility */,
			);
			name = CoreAudio;
			path = /Users/cwbetts/DeveloperStuff/CoreAudioUtilityClasses/CoreAudio;
			sourceTree = "<absolute>";
			usesTabs = 1;
		};
		5530E6BF1CD3F8D000071A6D /* AudioCodecs */ = {
			isa = PBXGroup;
			children = (
				5530E6C01CD3F8D000071A6D /* ACPublic */,
			);
			path = AudioCodecs;
			sourceTree = "<group>";
		};
		5530E6C01CD3F8D000071A6D /* ACPublic */ = {
			isa = PBXGroup;
			children = (
				5530E7981CD41BE000071A6D /* ACPlugInDispatch.cpp */,
				5530E7991CD41BE000071A6D /* ACPlugInDispatch.h */,
				5530E6C11CD3F8D000071A6D /* ACBaseCodec.cpp */,
				5530E6C21CD3F8D000071A6D /* ACBaseCodec.h */,
				5530E6C31CD3F8D000071A6D /* ACCodec.cpp */,
				5530E6C41CD3F8D000071A6D /* ACCodec.h */,
				5530E6C61CD3F8D000071A6D /* ACCodecDispatchTypes.h */,
				5530E6C71CD3F8D000071A6D /* ACConditionalMacros.h */,
				5530E6C81CD3F8D000071A6D /* GetCodecBundle.cpp */,
				5530E6C91CD3F8D000071A6D /* GetCodecBundle.h */,
			);
			path = ACPublic;
			sourceTree = "<group>";
		};
		5530E6CB1CD3F8D000071A6D /* PublicUtility */ = {
			isa = PBXGroup;
			children = (
				559E53181D54630300F2D50F /* CAAtomic.h */,
				559E53191D54630300F2D50F /* CAAtomicStack.h */,
				5530E7891CD41A4100071A6D /* CAAudioChannelLayout.cpp */,
				5530E78A1CD41A4100071A6D /* CAAudioChannelLayout.h */,
				5530E78B1CD41A4100071A6D /* CAAudioChannelLayoutObject.cpp */,
				5530E77F1CD4199900071A6D /* CAAutoDisposer.h */,
				5530E6CC1CD3F8D000071A6D /* CABundleLocker.cpp */,
				5530E6CD1CD3F8D000071A6D /* CABundleLocker.h */,
				5503C1321CDBAA9A00FC7F50 /* CACFArray.cpp */,
				5503C1331CDBAA9A00FC7F50 /* CACFArray.h */,
				5503C1341CDBAA9A00FC7F50 /* CACFData.h */,
				5503C1351CDBAA9A00FC7F50 /* CACFDictionary.cpp */,
				5503C1361CDBAA9A00FC7F50 /* CACFDictionary.h */,
				5503C1371CDBAA9A00FC7F50 /* CACFDistributedNotification.cpp */,
				5503C1381CDBAA9A00FC7F50 /* CACFDistributedNotification.h */,
				5503C1391CDBAA9A00FC7F50 /* CACFMachPort.cpp */,
				5503C13A1CDBAA9A00FC7F50 /* CACFMachPort.h */,
				5503C13B1CDBAA9A00FC7F50 /* CACFMessagePort.cpp */,
				5503C13C1CDBAA9A00FC7F50 /* CACFMessagePort.h */,
				5503C13D1CDBAA9A00FC7F50 /* CACFNumber.cpp */,
				5503C13E1CDBAA9A00FC7F50 /* CACFNumber.h */,
				5503C13F1CDBAA9A00FC7F50 /* CACFObject.h */,
				5503C1401CDBAA9A00FC7F50 /* CACFPlugIn.h */,
				5503C1411CDBAA9A00FC7F50 /* CACFPreferences.cpp */,
				5503C1421CDBAA9A00FC7F50 /* CACFPreferences.h */,
				5503C1431CDBAA9A00FC7F50 /* CACFString.cpp */,
				5503C1441CDBAA9A00FC7F50 /* CACFString.h */,
				5530E6CF1CD3F8D000071A6D /* CADebugMacros.cpp */,
				5530E6D01CD3F8D000071A6D /* CADebugMacros.h */,
				5530E6D11CD3F8D000071A6D /* CADebugPrintf.cpp */,
				5530E6D21CD3F8D000071A6D /* CADebugPrintf.h */,
				5530E78E1CD41A6700071A6D /* CAHostTimeBase.cpp */,
				5530E78F1CD41A6700071A6D /* CAHostTimeBase.h */,
				5530E6D31CD3F8D000071A6D /* CAMath.h */,
				5530E7851CD41A0B00071A6D /* CAMutex.cpp */,
				5530E7861CD41A0B00071A6D /* CAMutex.h */,
				5530E6D41CD3F8D000071A6D /* CAStreamBasicDescription.cpp */,
				5530E6D51CD3F8D000071A6D /* CAStreamBasicDescription.h */,
				5530E7801CD419B700071A6D /* CAThreadSafeList.h */,
				5530E7811CD419E600071A6D /* CAVectorUnit.cpp */,
				5530E7821CD419E600071A6D /* CAVectorUnit.h */,
				5530E7831CD419E600071A6D /* CAVectorUnitTypes.h */,
				5530E76B1CD40EE500071A6D /* CAXException.cpp */,
				5530E76C1CD40EE500071A6D /* CAXException.h */,
			);
			path = PublicUtility;
			sourceTree = "<group>";
		};
		5530E72A1CD40EC100071A6D /* AudioUnits */ = {
			isa = PBXGroup;
			children = (
				5530E72B1CD40EC100071A6D /* AUPublic */,
			);
			path = AudioUnits;
			sourceTree = "<group>";
		};
		5530E72B1CD40EC100071A6D /* AUPublic */ = {
			isa = PBXGroup;
			children = (
				5530E72C1CD40EC100071A6D /* AUBase */,
				5530E7611CD40EC100071A6D /* Utility */,
			);
			path = AUPublic;
			sourceTree = "<group>";
		};
		5530E72C1CD40EC100071A6D /* AUBase */ = {
			isa = PBXGroup;
			children = (
				5530E72D1CD40EC100071A6D /* AUBase.cpp */,
				5530E72E1CD40EC100071A6D /* AUBase.h */,
				5530E72F1CD40EC100071A6D /* AUDispatch.cpp */,
				5530E7301CD40EC100071A6D /* AUDispatch.h */,
				5530E7311CD40EC100071A6D /* AUInputElement.cpp */,
				5530E7321CD40EC100071A6D /* AUInputElement.h */,
				5530E7331CD40EC100071A6D /* AUOutputElement.cpp */,
				5530E7341CD40EC100071A6D /* AUOutputElement.h */,
				5530E7351CD40EC100071A6D /* AUPlugInDispatch.cpp */,
				5530E7361CD40EC100071A6D /* AUPlugInDispatch.h */,
				5530E7371CD40EC100071A6D /* AUResources.r */,
				5530E7381CD40EC100071A6D /* AUScopeElement.cpp */,
				5530E7391CD40EC100071A6D /* AUScopeElement.h */,
				5530E73A1CD40EC100071A6D /* ComponentBase.cpp */,
				5530E73B1CD40EC100071A6D /* ComponentBase.h */,
			);
			path = AUBase;
			sourceTree = "<group>";
		};
		5530E7611CD40EC100071A6D /* Utility */ = {
			isa = PBXGroup;
			children = (
				5530E7621CD40EC100071A6D /* AUBaseHelper.cpp */,
				5530E7631CD40EC100071A6D /* AUBaseHelper.h */,
				5530E7641CD40EC100071A6D /* AUBuffer.cpp */,
				5530E7651CD40EC100071A6D /* AUBuffer.h */,
				5530E7661CD40EC100071A6D /* AUInputFormatConverter.h */,
				5530E7671CD40EC100071A6D /* AUMIDIDefs.h */,
				5530E7681CD40EC100071A6D /* AUSilentTimeout.h */,
				5530E7691CD40EC100071A6D /* AUTimestampGenerator.cpp */,
				5530E76A1CD40EC100071A6D /* AUTimestampGenerator.h */,
			);
			path = Utility;
			sourceTree = "<group>";
		};
		559E53211D546C4200F2D50F /* FLAC Audio File */ = {
			isa = PBXGroup;
			children = (
				559E532D1D546D3800F2D50F /* ACFLACApple.h */,
				559E532B1D546D2E00F2D50F /* ACFLACResIDs.h */,
				559E532C1D546D2E00F2D50F /* ACFLACVersions.h */,
				559E53231D546CC800F2D50F /* FLACAudioFile.cpp */,
				559E53241D546CC800F2D50F /* FLACAudioFile.h */,
				559E53251D546CC800F2D50F /* FLACAudioFileComponent.cpp */,
				559E53261D546CC800F2D50F /* FLACAudioFileComponent.exp */,
				559E53271D546CC800F2D50F /* FLACAudioFileComponent.h */,
				556F3E9D1D54D5A600332834 /* FLACAudioFileComponent.r */,
			);
			name = "FLAC Audio File";
			path = ../../FLACAF;
			sourceTree = "<group>";
		};
		55F1243F1CD51BFC00CA90BE /* Resources */ = {
			isa = PBXGroup;
			children = (
				55F1243D1CD51BF300CA90BE /* icon.icns */,
				55F1243E1CD51BF400CA90BE /* icon.r */,
				55F1243C1CD51BDE00CA90BE /* XCAResources.r */,
			);
			name = Resources;
			path = ../../resources;
			sourceTree = "<group>";
		};
/* End PBXGroup section */

/* Begin PBXNativeTarget section */
		5530E62F1CD3F27D00071A6D /* Xiph Audio Components */ = {
			isa = PBXNativeTarget;
			buildConfigurationList = 5530E6361CD3F27D00071A6D /* Build configuration list for PBXNativeTarget "Xiph Audio Components" */;
			buildPhases = (
				5530E62C1CD3F27D00071A6D /* Sources */,
				5530E62D1CD3F27D00071A6D /* Frameworks */,
				5530E62E1CD3F27D00071A6D /* Resources */,
				55F124301CD51B8300CA90BE /* Rez */,
			);
			buildRules = (
			);
			dependencies = (
				5530E6DF1CD3F92400071A6D /* PBXTargetDependency */,
				5530E6E11CD3F92400071A6D /* PBXTargetDependency */,
				5530E6E31CD3F92400071A6D /* PBXTargetDependency */,
				5530E6E51CD3F92400071A6D /* PBXTargetDependency */,
				5530E6E71CD3F92400071A6D /* PBXTargetDependency */,
			);
			name = "Xiph Audio Components";
			productName = "Xiph Audio Components";
			productReference = 5530E6301CD3F27D00071A6D /* Xiph Audio Components.component */;
			productType = "com.apple.product-type.bundle";
		};
/* End PBXNativeTarget section */

/* Begin PBXProject section */
		5530E6281CD3F27D00071A6D /* Project object */ = {
			isa = PBXProject;
			attributes = {
				LastUpgradeCheck = 0730;
				ORGANIZATIONNAME = "C.W. Betts";
				TargetAttributes = {
					5530E62F1CD3F27D00071A6D = {
						CreatedOnToolsVersion = 7.3;
					};
				};
			};
			buildConfigurationList = 5530E62B1CD3F27D00071A6D /* Build configuration list for PBXProject "Xiph Audio Components" */;
			compatibilityVersion = "Xcode 3.2";
			developmentRegion = English;
			hasScannedForEncodings = 0;
			knownRegions = (
				en,
			);
			mainGroup = 5530E6271CD3F27D00071A6D;
			productRefGroup = 5530E6311CD3F27D00071A6D /* Products */;
			projectDirPath = "";
			projectReferences = (
				{
					ProductGroup = 5530E63C1CD3F2D700071A6D /* Products */;
					ProjectRef = 5530E63B1CD3F2D700071A6D /* FLAC.xcodeproj */;
				},
				{
					ProductGroup = 5530E6771CD3F35600071A6D /* Products */;
					ProjectRef = 5530E6761CD3F35600071A6D /* Ogg.xcodeproj */;
				},
				{
					ProductGroup = 5530E69B1CD3F3A200071A6D /* Products */;
					ProjectRef = 5530E69A1CD3F3A200071A6D /* Speex.xcodeproj */;
				},
				{
					ProductGroup = 5530E68C1CD3F38E00071A6D /* Products */;
					ProjectRef = 5530E68B1CD3F38E00071A6D /* Vorbis.xcodeproj */;
				},
			);
			projectRoot = "";
			targets = (
				5530E62F1CD3F27D00071A6D /* Xiph Audio Components */,
			);
		};
/* End PBXProject section */

/* Begin PBXReferenceProxy section */
		5530E6431CD3F2D700071A6D /* FLAC.framework */ = {
			isa = PBXReferenceProxy;
			fileType = wrapper.framework;
			path = FLAC.framework;
			remoteRef = 5530E6421CD3F2D700071A6D /* PBXContainerItemProxy */;
			sourceTree = BUILT_PRODUCTS_DIR;
		};
		5530E6451CD3F2D700071A6D /* FLAC++.framework */ = {
			isa = PBXReferenceProxy;
			fileType = wrapper.framework;
			path = "FLAC++.framework";
			remoteRef = 5530E6441CD3F2D700071A6D /* PBXContainerItemProxy */;
			sourceTree = BUILT_PRODUCTS_DIR;
		};
		5530E6471CD3F2D700071A6D /* libflac.a */ = {
			isa = PBXReferenceProxy;
			fileType = archive.ar;
			path = libflac.a;
			remoteRef = 5530E6461CD3F2D700071A6D /* PBXContainerItemProxy */;
			sourceTree = BUILT_PRODUCTS_DIR;
		};
		5530E6491CD3F2D700071A6D /* libflac++.a */ = {
			isa = PBXReferenceProxy;
			fileType = archive.ar;
			path = "libflac++.a";
			remoteRef = 5530E6481CD3F2D700071A6D /* PBXContainerItemProxy */;
			sourceTree = BUILT_PRODUCTS_DIR;
		};
		5530E67C1CD3F35600071A6D /* Ogg.framework */ = {
			isa = PBXReferenceProxy;
			fileType = wrapper.framework;
			path = Ogg.framework;
			remoteRef = 5530E67B1CD3F35600071A6D /* PBXContainerItemProxy */;
			sourceTree = BUILT_PRODUCTS_DIR;
		};
		5530E67E1CD3F35600071A6D /* libogg.a */ = {
			isa = PBXReferenceProxy;
			fileType = archive.ar;
			path = libogg.a;
			remoteRef = 5530E67D1CD3F35600071A6D /* PBXContainerItemProxy */;
			sourceTree = BUILT_PRODUCTS_DIR;
		};
		5530E6931CD3F38E00071A6D /* Vorbis.framework */ = {
			isa = PBXReferenceProxy;
			fileType = wrapper.framework;
			path = Vorbis.framework;
			remoteRef = 5530E6921CD3F38E00071A6D /* PBXContainerItemProxy */;
			sourceTree = BUILT_PRODUCTS_DIR;
		};
		5530E6951CD3F38E00071A6D /* libvorbis.a */ = {
			isa = PBXReferenceProxy;
			fileType = archive.ar;
			path = libvorbis.a;
			remoteRef = 5530E6941CD3F38E00071A6D /* PBXContainerItemProxy */;
			sourceTree = BUILT_PRODUCTS_DIR;
		};
		5530E6971CD3F38E00071A6D /* libvorbisenc.a */ = {
			isa = PBXReferenceProxy;
			fileType = archive.ar;
			path = libvorbisenc.a;
			remoteRef = 5530E6961CD3F38E00071A6D /* PBXContainerItemProxy */;
			sourceTree = BUILT_PRODUCTS_DIR;
		};
		5530E6991CD3F38E00071A6D /* libvorbisfile.a */ = {
			isa = PBXReferenceProxy;
			fileType = archive.ar;
			path = libvorbisfile.a;
			remoteRef = 5530E6981CD3F38E00071A6D /* PBXContainerItemProxy */;
			sourceTree = BUILT_PRODUCTS_DIR;
		};
		5530E6A01CD3F3A300071A6D /* Speex.framework */ = {
			isa = PBXReferenceProxy;
			fileType = wrapper.framework;
			path = Speex.framework;
			remoteRef = 5530E69F1CD3F3A300071A6D /* PBXContainerItemProxy */;
			sourceTree = BUILT_PRODUCTS_DIR;
		};
		5530E6A21CD3F3A300071A6D /* libspeex.a */ = {
			isa = PBXReferenceProxy;
			fileType = archive.ar;
			path = libspeex.a;
			remoteRef = 5530E6A11CD3F3A300071A6D /* PBXContainerItemProxy */;
			sourceTree = BUILT_PRODUCTS_DIR;
		};
/* End PBXReferenceProxy section */

/* Begin PBXResourcesBuildPhase section */
		5530E62E1CD3F27D00071A6D /* Resources */ = {
			isa = PBXResourcesBuildPhase;
			buildActionMask = 2147483647;
			files = (
				55F124401CD51C2600CA90BE /* icon.icns in Resources */,
			);
			runOnlyForDeploymentPostprocessing = 0;
		};
/* End PBXResourcesBuildPhase section */

/* Begin PBXRezBuildPhase section */
		55F124301CD51B8300CA90BE /* Rez */ = {
			isa = PBXRezBuildPhase;
			buildActionMask = 2147483647;
			files = (
				55F1243B1CD51B9B00CA90BE /* CASpeexDecoderPublic.r in Rez */,
				55F1243A1CD51B9B00CA90BE /* CAVorbisEncoderPublic.r in Rez */,
				556F3E9E1D54D5A600332834 /* FLACAudioFileComponent.r in Rez */,
				55F124381CD51B8C00CA90BE /* CAFLACDecoderPublic.r in Rez */,
				55F124391CD51B9B00CA90BE /* CAVorbisDecoderPublic.r in Rez */,
			);
			runOnlyForDeploymentPostprocessing = 0;
		};
/* End PBXRezBuildPhase section */

/* Begin PBXSourcesBuildPhase section */
		5530E62C1CD3F27D00071A6D /* Sources */ = {
			isa = PBXSourcesBuildPhase;
			buildActionMask = 2147483647;
			files = (
				5503C1311CDBA9ED00FC7F50 /* OggAudioFile.cpp in Sources */,
				5503C14A1CDBAA9A00FC7F50 /* CACFNumber.cpp in Sources */,
				5530E6551CD3F2FD00071A6D /* CAOggFLACDecoder.cpp in Sources */,
				5503C14C1CDBAA9A00FC7F50 /* CACFString.cpp in Sources */,
				5530E7911CD41A9700071A6D /* AUScopeElement.cpp in Sources */,
				559E53281D546CC800F2D50F /* FLACAudioFile.cpp in Sources */,
				5530E6731CD3F32D00071A6D /* CAVorbisEncoder.cpp in Sources */,
				5530E6721CD3F32D00071A6D /* CAVorbisDecoder.cpp in Sources */,
				5530E6DA1CD3F8D000071A6D /* CABundleLocker.cpp in Sources */,
				5530E7971CD41B3000071A6D /* AUDispatch.cpp in Sources */,
				559E53291D546CC800F2D50F /* FLACAudioFileComponent.cpp in Sources */,
				5503C11D1CDBA87C00FC7F50 /* OggAudioFileComponent.cpp in Sources */,
				5530E7881CD41A2400071A6D /* AUBase.cpp in Sources */,
				5530E76D1CD40EE500071A6D /* CAXException.cpp in Sources */,
				5530E6B51CD3F88B00071A6D /* XCACodec.cpp in Sources */,
				5530E6541CD3F2FD00071A6D /* CAFLACDecoder.cpp in Sources */,
				5530E6701CD3F32D00071A6D /* CAOggVorbisDecoder.cpp in Sources */,
				5530E6D61CD3F8D000071A6D /* ACBaseCodec.cpp in Sources */,
				5503C1461CDBAA9A00FC7F50 /* CACFDictionary.cpp in Sources */,
				5530E7901CD41A6700071A6D /* CAHostTimeBase.cpp in Sources */,
				5503C1481CDBAA9A00FC7F50 /* CACFMachPort.cpp in Sources */,
				5530E7871CD41A0B00071A6D /* CAMutex.cpp in Sources */,
				5503C1491CDBAA9A00FC7F50 /* CACFMessagePort.cpp in Sources */,
				5503C12E1CDBA90000FC7F50 /* DataSource.cpp in Sources */,
				5530E6BC1CD3F8B500071A6D /* ringbuffer.cpp in Sources */,
				5530E77E1CD4188700071A6D /* AUPlugInDispatch.cpp in Sources */,
				5530E6D81CD3F8D000071A6D /* GetCodecBundle.cpp in Sources */,
				5530E6621CD3F31900071A6D /* CASpeexDecoder.cpp in Sources */,
				5503C12A1CDBA90000FC7F50 /* AudioFileComponentBase.cpp in Sources */,
				5530E6D71CD3F8D000071A6D /* ACCodec.cpp in Sources */,
				5530E79A1CD41BE000071A6D /* ACPlugInDispatch.cpp in Sources */,
				5530E6DC1CD3F8D000071A6D /* CADebugPrintf.cpp in Sources */,
				5503C1471CDBAA9A00FC7F50 /* CACFDistributedNotification.cpp in Sources */,
				5503C14B1CDBAA9A00FC7F50 /* CACFPreferences.cpp in Sources */,
				5503C12B1CDBA90000FC7F50 /* AudioFileFormat.cpp in Sources */,
				5530E6DB1CD3F8D000071A6D /* CADebugMacros.cpp in Sources */,
				5503C12C1CDBA90000FC7F50 /* AudioFileObject.cpp in Sources */,
				5503C1451CDBAA9A00FC7F50 /* CACFArray.cpp in Sources */,
				5530E7921CD41AB300071A6D /* AUBuffer.cpp in Sources */,
				5503C12D1CDBA90000FC7F50 /* CompressedPacketTable.cpp in Sources */,
				5530E6601CD3F31900071A6D /* CAOggSpeexDecoder.cpp in Sources */,
				5530E77D1CD4184700071A6D /* ComponentBase.cpp in Sources */,
				5530E6BD1CD3F8B500071A6D /* wrap_ogg.cpp in Sources */,
				5530E6DD1CD3F8D000071A6D /* CAStreamBasicDescription.cpp in Sources */,
				5530E7961CD41B0D00071A6D /* AUInputElement.cpp in Sources */,
				5530E7841CD419E600071A6D /* CAVectorUnit.cpp in Sources */,
				5530E78D1CD41A4100071A6D /* CAAudioChannelLayoutObject.cpp in Sources */,
				5530E7951CD41B0600071A6D /* AUOutputElement.cpp in Sources */,
				5530E7291CD40DFD00071A6D /* EntryPoints.cpp in Sources */,
				5530E78C1CD41A4100071A6D /* CAAudioChannelLayout.cpp in Sources */,
			);
			runOnlyForDeploymentPostprocessing = 0;
		};
/* End PBXSourcesBuildPhase section */

/* Begin PBXTargetDependency section */
		5530E6DF1CD3F92400071A6D /* PBXTargetDependency */ = {
			isa = PBXTargetDependency;
			name = Speex;
			targetProxy = 5530E6DE1CD3F92400071A6D /* PBXContainerItemProxy */;
		};
		5530E6E11CD3F92400071A6D /* PBXTargetDependency */ = {
			isa = PBXTargetDependency;
			name = Vorbis;
			targetProxy = 5530E6E01CD3F92400071A6D /* PBXContainerItemProxy */;
		};
		5530E6E31CD3F92400071A6D /* PBXTargetDependency */ = {
			isa = PBXTargetDependency;
			name = FLAC;
			targetProxy = 5530E6E21CD3F92400071A6D /* PBXContainerItemProxy */;
		};
		5530E6E51CD3F92400071A6D /* PBXTargetDependency */ = {
			isa = PBXTargetDependency;
			name = "FLAC++";
			targetProxy = 5530E6E41CD3F92400071A6D /* PBXContainerItemProxy */;
		};
		5530E6E71CD3F92400071A6D /* PBXTargetDependency */ = {
			isa = PBXTargetDependency;
			name = Ogg;
			targetProxy = 5530E6E61CD3F92400071A6D /* PBXContainerItemProxy */;
		};
/* End PBXTargetDependency section */

/* Begin XCBuildConfiguration section */
		5530E6341CD3F27D00071A6D /* Debug */ = {
			isa = XCBuildConfiguration;
			baseConfigurationReference = 5530E63A1CD3F29300071A6D /* DebugConfigs.xcconfig */;
			buildSettings = {
				ALWAYS_SEARCH_USER_PATHS = NO;
				CLANG_ANALYZER_NONNULL = YES;
				CLANG_CXX_LANGUAGE_STANDARD = "gnu++0x";
				CLANG_CXX_LIBRARY = "libc++";
				CLANG_ENABLE_MODULES = YES;
				CLANG_ENABLE_OBJC_ARC = YES;
				CLANG_WARN_BOOL_CONVERSION = YES;
				CLANG_WARN_CONSTANT_CONVERSION = YES;
				CLANG_WARN_DIRECT_OBJC_ISA_USAGE = YES_ERROR;
				CLANG_WARN_EMPTY_BODY = YES;
				CLANG_WARN_ENUM_CONVERSION = YES;
				CLANG_WARN_INT_CONVERSION = YES;
				CLANG_WARN_OBJC_ROOT_CLASS = YES_ERROR;
				CLANG_WARN_UNREACHABLE_CODE = YES;
				CLANG_WARN__DUPLICATE_METHOD_MATCH = YES;
				CODE_SIGN_IDENTITY = "-";
				COPY_PHASE_STRIP = NO;
				DEBUG_INFORMATION_FORMAT = dwarf;
				ENABLE_STRICT_OBJC_MSGSEND = YES;
				ENABLE_TESTABILITY = YES;
				GCC_C_LANGUAGE_STANDARD = gnu99;
				GCC_DYNAMIC_NO_PIC = NO;
				GCC_NO_COMMON_BLOCKS = YES;
				GCC_OPTIMIZATION_LEVEL = 0;
				GCC_PREPROCESSOR_DEFINITIONS = (
					"DEBUG=1",
					"$(inherited)",
				);
				GCC_WARN_64_TO_32_BIT_CONVERSION = YES;
				GCC_WARN_ABOUT_RETURN_TYPE = YES_ERROR;
				GCC_WARN_UNDECLARED_SELECTOR = YES;
				GCC_WARN_UNINITIALIZED_AUTOS = YES_AGGRESSIVE;
				GCC_WARN_UNUSED_FUNCTION = YES;
				GCC_WARN_UNUSED_VARIABLE = YES;
				MTL_ENABLE_DEBUG_INFO = YES;
				ONLY_ACTIVE_ARCH = YES;
				SDKROOT = macosx;
			};
			name = Debug;
		};
		5530E6351CD3F27D00071A6D /* Release */ = {
			isa = XCBuildConfiguration;
			baseConfigurationReference = 5530E6391CD3F29300071A6D /* DefaultConfigs.xcconfig */;
			buildSettings = {
				ALWAYS_SEARCH_USER_PATHS = NO;
				CLANG_ANALYZER_NONNULL = YES;
				CLANG_CXX_LANGUAGE_STANDARD = "gnu++0x";
				CLANG_CXX_LIBRARY = "libc++";
				CLANG_ENABLE_MODULES = YES;
				CLANG_ENABLE_OBJC_ARC = YES;
				CLANG_WARN_BOOL_CONVERSION = YES;
				CLANG_WARN_CONSTANT_CONVERSION = YES;
				CLANG_WARN_DIRECT_OBJC_ISA_USAGE = YES_ERROR;
				CLANG_WARN_EMPTY_BODY = YES;
				CLANG_WARN_ENUM_CONVERSION = YES;
				CLANG_WARN_INT_CONVERSION = YES;
				CLANG_WARN_OBJC_ROOT_CLASS = YES_ERROR;
				CLANG_WARN_UNREACHABLE_CODE = YES;
				CLANG_WARN__DUPLICATE_METHOD_MATCH = YES;
				CODE_SIGN_IDENTITY = "-";
				COPY_PHASE_STRIP = NO;
				DEAD_CODE_STRIPPING = YES;
				DEBUG_INFORMATION_FORMAT = "dwarf-with-dsym";
				ENABLE_NS_ASSERTIONS = NO;
				ENABLE_STRICT_OBJC_MSGSEND = YES;
				GCC_C_LANGUAGE_STANDARD = gnu99;
				GCC_NO_COMMON_BLOCKS = YES;
				GCC_WARN_64_TO_32_BIT_CONVERSION = YES;
				GCC_WARN_ABOUT_RETURN_TYPE = YES_ERROR;
				GCC_WARN_UNDECLARED_SELECTOR = YES;
				GCC_WARN_UNINITIALIZED_AUTOS = YES_AGGRESSIVE;
				GCC_WARN_UNUSED_FUNCTION = YES;
				GCC_WARN_UNUSED_VARIABLE = YES;
				MTL_ENABLE_DEBUG_INFO = NO;
				SDKROOT = macosx;
			};
			name = Release;
		};
		5530E6371CD3F27D00071A6D /* Debug */ = {
			isa = XCBuildConfiguration;
			buildSettings = {
				CLANG_MODULES_AUTOLINK = NO;
				COMBINE_HIDPI_IMAGES = YES;
				EXPORTED_SYMBOLS_FILE = "Xiph Audio Components/Components.exp";
				GCC_PREPROCESSOR_DEFINITIONS = (
					"AUDIOCODECS_SUPPORT_PLUGINS=1",
					"$(inherited)",
				);
				INFOPLIST_FILE = "Xiph Audio Components/Info.plist";
				INSTALL_PATH = "$(LOCAL_LIBRARY_DIR)/Bundles";
				PRODUCT_BUNDLE_IDENTIFIER = "com.github.maddthesane.Xiph-Audio-Components";
				PRODUCT_NAME = "$(TARGET_NAME)";
				SKIP_INSTALL = YES;
				WRAPPER_EXTENSION = component;
			};
			name = Debug;
		};
		5530E6381CD3F27D00071A6D /* Release */ = {
			isa = XCBuildConfiguration;
			buildSettings = {
				CLANG_MODULES_AUTOLINK = NO;
				COMBINE_HIDPI_IMAGES = YES;
				DEAD_CODE_STRIPPING = YES;
				EXPORTED_SYMBOLS_FILE = "Xiph Audio Components/Components.exp";
				GCC_PREPROCESSOR_DEFINITIONS = (
					"AUDIOCODECS_SUPPORT_PLUGINS=1",
					"$(inherited)",
				);
				INFOPLIST_FILE = "Xiph Audio Components/Info.plist";
				INSTALL_PATH = "$(LOCAL_LIBRARY_DIR)/Bundles";
				PRODUCT_BUNDLE_IDENTIFIER = "com.github.maddthesane.Xiph-Audio-Components";
				PRODUCT_NAME = "$(TARGET_NAME)";
				SKIP_INSTALL = YES;
				WRAPPER_EXTENSION = component;
			};
			name = Release;
		};
/* End XCBuildConfiguration section */

/* Begin XCConfigurationList section */
		5530E62B1CD3F27D00071A6D /* Build configuration list for PBXProject "Xiph Audio Components" */ = {
			isa = XCConfigurationList;
			buildConfigurations = (
				5530E6341CD3F27D00071A6D /* Debug */,
				5530E6351CD3F27D00071A6D /* Release */,
			);
			defaultConfigurationIsVisible = 0;
			defaultConfigurationName = Release;
		};
		5530E6361CD3F27D00071A6D /* Build configuration list for PBXNativeTarget "Xiph Audio Components" */ = {
			isa = XCConfigurationList;
			buildConfigurations = (
				5530E6371CD3F27D00071A6D /* Debug */,
				5530E6381CD3F27D00071A6D /* Release */,
			);
			defaultConfigurationIsVisible = 0;
			defaultConfigurationName = Release;
		};
/* End XCConfigurationList section */
	};
	rootObject = 5530E6281CD3F27D00071A6D /* Project object */;
}
