// !$*UTF8*$!
{
	archiveVersion = 1;
	classes = {
	};
	objectVersion = 46;
	objects = {

/* Begin PBXBuildFile section */
		5530E4E01CD326B300071A6D /* ACBaseCodec.cpp in Sources */ = {isa = PBXBuildFile; fileRef = 5530E4CD1CD326B300071A6D /* ACBaseCodec.cpp */; };
		5530E4E11CD326B300071A6D /* ACCodec.cpp in Sources */ = {isa = PBXBuildFile; fileRef = 5530E4CF1CD326B300071A6D /* ACCodec.cpp */; };
		5530E4E21CD326B300071A6D /* GetCodecBundle.cpp in Sources */ = {isa = PBXBuildFile; fileRef = 5530E4D41CD326B300071A6D /* GetCodecBundle.cpp */; };
		5530E4E41CD326B300071A6D /* CABundleLocker.cpp in Sources */ = {isa = PBXBuildFile; fileRef = 5530E4D81CD326B300071A6D /* CABundleLocker.cpp */; };
		5530E4E51CD326B300071A6D /* CADebugMacros.cpp in Sources */ = {isa = PBXBuildFile; fileRef = 5530E4DB1CD326B300071A6D /* CADebugMacros.cpp */; };
		5530E4E61CD326B300071A6D /* CAStreamBasicDescription.cpp in Sources */ = {isa = PBXBuildFile; fileRef = 5530E4DE1CD326B300071A6D /* CAStreamBasicDescription.cpp */; };
		5530E4FE1CD32C2800071A6D /* CADebugPrintf.cpp in Sources */ = {isa = PBXBuildFile; fileRef = 5530E4FC1CD32C2800071A6D /* CADebugPrintf.cpp */; };
		5530E50A1CD32DB400071A6D /* Opus.framework in Frameworks */ = {isa = PBXBuildFile; fileRef = 5530E5071CD32D9E00071A6D /* Opus.framework */; };
		5530E5101CD32DEE00071A6D /* icon.icns in Resources */ = {isa = PBXBuildFile; fileRef = 5530E50C1CD32DEE00071A6D /* icon.icns */; };
		5530E5151CD32E0700071A6D /* CAOpusDecoderPublic.r in Rez */ = {isa = PBXBuildFile; fileRef = 5530E50E1CD32DEE00071A6D /* CAOpusDecoderPublic.r */; };
		5530E5161CD32E0700071A6D /* CAOpusEncoderPublic.r in Rez */ = {isa = PBXBuildFile; fileRef = 5530E50F1CD32DEE00071A6D /* CAOpusEncoderPublic.r */; };
		5530E52F1CD3340600071A6D /* CAOggOpusDecoder.cpp in Sources */ = {isa = PBXBuildFile; fileRef = 5530E5261CD3340600071A6D /* CAOggOpusDecoder.cpp */; };
		5530E5311CD3340600071A6D /* CAOpusDecoder.cpp in Sources */ = {isa = PBXBuildFile; fileRef = 5530E5291CD3340600071A6D /* CAOpusDecoder.cpp */; };
		5530E5321CD3340600071A6D /* CAOpusEncoder.cpp in Sources */ = {isa = PBXBuildFile; fileRef = 5530E52B1CD3340600071A6D /* CAOpusEncoder.cpp */; };
		5530E5331CD3340600071A6D /* opus_entrypoints.cpp in Sources */ = {isa = PBXBuildFile; fileRef = 5530E52D1CD3340600071A6D /* opus_entrypoints.cpp */; };
		5530E5361CD3354400071A6D /* XCACodec.cpp in Sources */ = {isa = PBXBuildFile; fileRef = 5530E5341CD3354400071A6D /* XCACodec.cpp */; };
		5530E53C1CD3359200071A6D /* ringbuffer.cpp in Sources */ = {isa = PBXBuildFile; fileRef = 5530E5381CD3359200071A6D /* ringbuffer.cpp */; };
		5530E53D1CD3359200071A6D /* wrap_ogg.cpp in Sources */ = {isa = PBXBuildFile; fileRef = 5530E53A1CD3359200071A6D /* wrap_ogg.cpp */; };
		5530E5511CD33A7A00071A6D /* opusfile.h in Headers */ = {isa = PBXBuildFile; fileRef = 5530E5501CD33A7A00071A6D /* opusfile.h */; settings = {ATTRIBUTES = (Public, ); }; };
		5530E55A1CD33A9600071A6D /* http.c in Sources */ = {isa = PBXBuildFile; fileRef = 5530E5521CD33A9600071A6D /* http.c */; };
		5530E55B1CD33A9600071A6D /* info.c in Sources */ = {isa = PBXBuildFile; fileRef = 5530E5531CD33A9600071A6D /* info.c */; };
		5530E55C1CD33A9600071A6D /* internal.c in Sources */ = {isa = PBXBuildFile; fileRef = 5530E5541CD33A9600071A6D /* internal.c */; };
		5530E55D1CD33A9600071A6D /* internal.h in Headers */ = {isa = PBXBuildFile; fileRef = 5530E5551CD33A9600071A6D /* internal.h */; };
		5530E55E1CD33A9600071A6D /* opusfile.c in Sources */ = {isa = PBXBuildFile; fileRef = 5530E5561CD33A9600071A6D /* opusfile.c */; };
		5530E55F1CD33A9600071A6D /* stream.c in Sources */ = {isa = PBXBuildFile; fileRef = 5530E5571CD33A9600071A6D /* stream.c */; };
		5530E5601CD33A9600071A6D /* wincerts.c in Sources */ = {isa = PBXBuildFile; fileRef = 5530E5581CD33A9600071A6D /* wincerts.c */; };
		5530E5611CD33A9600071A6D /* winerrno.h in Headers */ = {isa = PBXBuildFile; fileRef = 5530E5591CD33A9600071A6D /* winerrno.h */; };
		5530E56E1CD33B9C00071A6D /* Ogg.framework in Copy Frameworks */ = {isa = PBXBuildFile; fileRef = 5530E5681CD33AFB00071A6D /* Ogg.framework */; settings = {ATTRIBUTES = (CodeSignOnCopy, RemoveHeadersOnCopy, ); }; };
		5530E56F1CD33B9C00071A6D /* Opus.framework in Copy Frameworks */ = {isa = PBXBuildFile; fileRef = 5530E5071CD32D9E00071A6D /* Opus.framework */; settings = {ATTRIBUTES = (CodeSignOnCopy, RemoveHeadersOnCopy, ); }; };
		5530E5701CD33B9C00071A6D /* OpusFile.framework in Copy Frameworks */ = {isa = PBXBuildFile; fileRef = 5530E5481CD33A4200071A6D /* OpusFile.framework */; settings = {ATTRIBUTES = (CodeSignOnCopy, RemoveHeadersOnCopy, ); }; };
		5530E5AF1CD344D800071A6D /* Ogg.framework in Frameworks */ = {isa = PBXBuildFile; fileRef = 5530E5681CD33AFB00071A6D /* Ogg.framework */; };
		5530E5B01CD344D800071A6D /* Opus.framework in Frameworks */ = {isa = PBXBuildFile; fileRef = 5530E5071CD32D9E00071A6D /* Opus.framework */; };
		5530E5FA1CD3D8A000071A6D /* Ogg.framework in Frameworks */ = {isa = PBXBuildFile; fileRef = 5530E5681CD33AFB00071A6D /* Ogg.framework */; };
/* End PBXBuildFile section */

/* Begin PBXContainerItemProxy section */
		5530E5061CD32D9E00071A6D /* PBXContainerItemProxy */ = {
			isa = PBXContainerItemProxy;
			containerPortal = 5530E5011CD32D9E00071A6D /* Opus.xcodeproj */;
			proxyType = 2;
			remoteGlobalIDString = 8D07F2C80486CC7A007CD1D0;
			remoteInfo = Opus;
		};
		5530E5081CD32D9E00071A6D /* PBXContainerItemProxy */ = {
			isa = PBXContainerItemProxy;
			containerPortal = 5530E5011CD32D9E00071A6D /* Opus.xcodeproj */;
			proxyType = 2;
			remoteGlobalIDString = 734FB2E50B18B33E00D561D7;
			remoteInfo = "libopus (static)";
		};
		5530E51A1CD32FCC00071A6D /* PBXContainerItemProxy */ = {
			isa = PBXContainerItemProxy;
			containerPortal = 5530E5011CD32D9E00071A6D /* Opus.xcodeproj */;
			proxyType = 1;
			remoteGlobalIDString = 8D07F2BC0486CC7A007CD1D0;
			remoteInfo = Opus;
		};
		5530E5671CD33AFB00071A6D /* PBXContainerItemProxy */ = {
			isa = PBXContainerItemProxy;
			containerPortal = 5530E5621CD33AFB00071A6D /* Ogg.xcodeproj */;
			proxyType = 2;
			remoteGlobalIDString = 8D07F2C80486CC7A007CD1D0;
			remoteInfo = Ogg;
		};
		5530E5691CD33AFB00071A6D /* PBXContainerItemProxy */ = {
			isa = PBXContainerItemProxy;
			containerPortal = 5530E5621CD33AFB00071A6D /* Ogg.xcodeproj */;
			proxyType = 2;
			remoteGlobalIDString = 734FB2E50B18B33E00D561D7;
			remoteInfo = "libogg (static)";
		};
		5530E5711CD33BB600071A6D /* PBXContainerItemProxy */ = {
			isa = PBXContainerItemProxy;
			containerPortal = 5530E5621CD33AFB00071A6D /* Ogg.xcodeproj */;
			proxyType = 1;
			remoteGlobalIDString = 8D07F2BC0486CC7A007CD1D0;
			remoteInfo = Ogg;
		};
		5530E5731CD33BB600071A6D /* PBXContainerItemProxy */ = {
			isa = PBXContainerItemProxy;
			containerPortal = 5530E5011CD32D9E00071A6D /* Opus.xcodeproj */;
			proxyType = 1;
			remoteGlobalIDString = 8D07F2BC0486CC7A007CD1D0;
			remoteInfo = Opus;
		};
		5530E5751CD33BC400071A6D /* PBXContainerItemProxy */ = {
			isa = PBXContainerItemProxy;
			containerPortal = 5530E4B91CD3268500071A6D /* Project object */;
			proxyType = 1;
			remoteGlobalIDString = 5530E5471CD33A4200071A6D;
			remoteInfo = OpusFile;
		};
		5530E5771CD33BC400071A6D /* PBXContainerItemProxy */ = {
			isa = PBXContainerItemProxy;
			containerPortal = 5530E5621CD33AFB00071A6D /* Ogg.xcodeproj */;
			proxyType = 1;
			remoteGlobalIDString = 8D07F2BC0486CC7A007CD1D0;
			remoteInfo = Ogg;
		};
/* End PBXContainerItemProxy section */

/* Begin PBXCopyFilesBuildPhase section */
		5530E56D1CD33B7600071A6D /* Copy Frameworks */ = {
			isa = PBXCopyFilesBuildPhase;
			buildActionMask = 2147483647;
			dstPath = "";
			dstSubfolderSpec = 10;
			files = (
				5530E56E1CD33B9C00071A6D /* Ogg.framework in Copy Frameworks */,
				5530E56F1CD33B9C00071A6D /* Opus.framework in Copy Frameworks */,
				5530E5701CD33B9C00071A6D /* OpusFile.framework in Copy Frameworks */,
			);
			name = "Copy Frameworks";
			runOnlyForDeploymentPostprocessing = 0;
		};
/* End PBXCopyFilesBuildPhase section */

/* Begin PBXFileReference section */
		5530E4C11CD3268500071A6D /* CAOpusCodec.component */ = {isa = PBXFileReference; explicitFileType = wrapper.cfbundle; includeInIndex = 0; path = CAOpusCodec.component; sourceTree = BUILT_PRODUCTS_DIR; };
		5530E4C41CD3268500071A6D /* Info.plist */ = {isa = PBXFileReference; lastKnownFileType = text.plist.xml; name = Info.plist; path = OpusCodec/Info.plist; sourceTree = "<group>"; };
		5530E4CD1CD326B300071A6D /* ACBaseCodec.cpp */ = {isa = PBXFileReference; fileEncoding = 4; lastKnownFileType = sourcecode.cpp.cpp; path = ACBaseCodec.cpp; sourceTree = "<group>"; };
		5530E4CE1CD326B300071A6D /* ACBaseCodec.h */ = {isa = PBXFileReference; fileEncoding = 4; lastKnownFileType = sourcecode.c.h; path = ACBaseCodec.h; sourceTree = "<group>"; };
		5530E4CF1CD326B300071A6D /* ACCodec.cpp */ = {isa = PBXFileReference; fileEncoding = 4; lastKnownFileType = sourcecode.cpp.cpp; path = ACCodec.cpp; sourceTree = "<group>"; };
		5530E4D01CD326B300071A6D /* ACCodec.h */ = {isa = PBXFileReference; fileEncoding = 4; lastKnownFileType = sourcecode.c.h; path = ACCodec.h; sourceTree = "<group>"; };
		5530E4D21CD326B300071A6D /* ACCodecDispatchTypes.h */ = {isa = PBXFileReference; fileEncoding = 4; lastKnownFileType = sourcecode.c.h; path = ACCodecDispatchTypes.h; sourceTree = "<group>"; };
		5530E4D31CD326B300071A6D /* ACConditionalMacros.h */ = {isa = PBXFileReference; fileEncoding = 4; lastKnownFileType = sourcecode.c.h; path = ACConditionalMacros.h; sourceTree = "<group>"; };
		5530E4D41CD326B300071A6D /* GetCodecBundle.cpp */ = {isa = PBXFileReference; fileEncoding = 4; lastKnownFileType = sourcecode.cpp.cpp; path = GetCodecBundle.cpp; sourceTree = "<group>"; };
		5530E4D51CD326B300071A6D /* GetCodecBundle.h */ = {isa = PBXFileReference; fileEncoding = 4; lastKnownFileType = sourcecode.c.h; path = GetCodecBundle.h; sourceTree = "<group>"; };
		5530E4D81CD326B300071A6D /* CABundleLocker.cpp */ = {isa = PBXFileReference; fileEncoding = 4; lastKnownFileType = sourcecode.cpp.cpp; path = CABundleLocker.cpp; sourceTree = "<group>"; };
		5530E4D91CD326B300071A6D /* CABundleLocker.h */ = {isa = PBXFileReference; fileEncoding = 4; lastKnownFileType = sourcecode.c.h; path = CABundleLocker.h; sourceTree = "<group>"; };
		5530E4DB1CD326B300071A6D /* CADebugMacros.cpp */ = {isa = PBXFileReference; fileEncoding = 4; lastKnownFileType = sourcecode.cpp.cpp; path = CADebugMacros.cpp; sourceTree = "<group>"; };
		5530E4DC1CD326B300071A6D /* CADebugMacros.h */ = {isa = PBXFileReference; fileEncoding = 4; lastKnownFileType = sourcecode.c.h; path = CADebugMacros.h; sourceTree = "<group>"; };
		5530E4DD1CD326B300071A6D /* CAMath.h */ = {isa = PBXFileReference; fileEncoding = 4; lastKnownFileType = sourcecode.c.h; path = CAMath.h; sourceTree = "<group>"; };
		5530E4DE1CD326B300071A6D /* CAStreamBasicDescription.cpp */ = {isa = PBXFileReference; fileEncoding = 4; lastKnownFileType = sourcecode.cpp.cpp; path = CAStreamBasicDescription.cpp; sourceTree = "<group>"; };
		5530E4DF1CD326B300071A6D /* CAStreamBasicDescription.h */ = {isa = PBXFileReference; fileEncoding = 4; lastKnownFileType = sourcecode.c.h; path = CAStreamBasicDescription.h; sourceTree = "<group>"; };
		5530E4FC1CD32C2800071A6D /* CADebugPrintf.cpp */ = {isa = PBXFileReference; fileEncoding = 4; lastKnownFileType = sourcecode.cpp.cpp; path = CADebugPrintf.cpp; sourceTree = "<group>"; };
		5530E4FD1CD32C2800071A6D /* CADebugPrintf.h */ = {isa = PBXFileReference; fileEncoding = 4; lastKnownFileType = sourcecode.c.h; path = CADebugPrintf.h; sourceTree = "<group>"; };
		5530E4FF1CD32C5400071A6D /* DefaultConfigs.xcconfig */ = {isa = PBXFileReference; lastKnownFileType = text.xcconfig; name = DefaultConfigs.xcconfig; path = ../DefaultConfigs.xcconfig; sourceTree = "<group>"; };
		5530E5001CD32C5400071A6D /* DebugConfigs.xcconfig */ = {isa = PBXFileReference; lastKnownFileType = text.xcconfig; name = DebugConfigs.xcconfig; path = ../DebugConfigs.xcconfig; sourceTree = "<group>"; };
		5530E5011CD32D9E00071A6D /* Opus.xcodeproj */ = {isa = PBXFileReference; lastKnownFileType = "wrapper.pb-project"; name = Opus.xcodeproj; path = "../external-libs/opus/macosx/Opus.xcodeproj"; sourceTree = "<group>"; };
		5530E50B1CD32DEE00071A6D /* XCAResources.r */ = {isa = PBXFileReference; fileEncoding = 30; lastKnownFileType = sourcecode.rez; name = XCAResources.r; path = ../resources/XCAResources.r; sourceTree = "<group>"; };
		5530E50C1CD32DEE00071A6D /* icon.icns */ = {isa = PBXFileReference; lastKnownFileType = image.icns; name = icon.icns; path = ../resources/icon.icns; sourceTree = "<group>"; };
		5530E50D1CD32DEE00071A6D /* icon.r */ = {isa = PBXFileReference; fileEncoding = 4; lastKnownFileType = sourcecode.rez; name = icon.r; path = ../resources/icon.r; sourceTree = "<group>"; };
		5530E50E1CD32DEE00071A6D /* CAOpusDecoderPublic.r */ = {isa = PBXFileReference; fileEncoding = 4; lastKnownFileType = sourcecode.rez; path = CAOpusDecoderPublic.r; sourceTree = "<group>"; };
		5530E50F1CD32DEE00071A6D /* CAOpusEncoderPublic.r */ = {isa = PBXFileReference; fileEncoding = 4; lastKnownFileType = sourcecode.rez; path = CAOpusEncoderPublic.r; sourceTree = "<group>"; };
		5530E5181CD32EAB00071A6D /* fccs.h */ = {isa = PBXFileReference; lastKnownFileType = sourcecode.c.h; name = fccs.h; path = ../common/fccs.h; sourceTree = "<group>"; };
		5530E5261CD3340600071A6D /* CAOggOpusDecoder.cpp */ = {isa = PBXFileReference; fileEncoding = 4; lastKnownFileType = sourcecode.cpp.cpp; path = CAOggOpusDecoder.cpp; sourceTree = "<group>"; };
		5530E5271CD3340600071A6D /* CAOggOpusDecoder.h */ = {isa = PBXFileReference; fileEncoding = 4; lastKnownFileType = sourcecode.c.h; path = CAOggOpusDecoder.h; sourceTree = "<group>"; };
		5530E5281CD3340600071A6D /* CAOpusCodec.exp */ = {isa = PBXFileReference; fileEncoding = 4; lastKnownFileType = sourcecode.exports; path = CAOpusCodec.exp; sourceTree = "<group>"; };
		5530E5291CD3340600071A6D /* CAOpusDecoder.cpp */ = {isa = PBXFileReference; fileEncoding = 4; lastKnownFileType = sourcecode.cpp.cpp; path = CAOpusDecoder.cpp; sourceTree = "<group>"; };
		5530E52A1CD3340600071A6D /* CAOpusDecoder.h */ = {isa = PBXFileReference; fileEncoding = 4; lastKnownFileType = sourcecode.c.h; path = CAOpusDecoder.h; sourceTree = "<group>"; };
		5530E52B1CD3340600071A6D /* CAOpusEncoder.cpp */ = {isa = PBXFileReference; fileEncoding = 4; lastKnownFileType = sourcecode.cpp.cpp; path = CAOpusEncoder.cpp; sourceTree = "<group>"; };
		5530E52C1CD3340600071A6D /* CAOpusEncoder.h */ = {isa = PBXFileReference; fileEncoding = 4; lastKnownFileType = sourcecode.c.h; path = CAOpusEncoder.h; sourceTree = "<group>"; };
		5530E52D1CD3340600071A6D /* opus_entrypoints.cpp */ = {isa = PBXFileReference; fileEncoding = 4; lastKnownFileType = sourcecode.cpp.cpp; path = opus_entrypoints.cpp; sourceTree = "<group>"; };
		5530E52E1CD3340600071A6D /* vorbis_versions.h */ = {isa = PBXFileReference; fileEncoding = 4; lastKnownFileType = sourcecode.c.h; path = vorbis_versions.h; sourceTree = "<group>"; };
		5530E5341CD3354400071A6D /* XCACodec.cpp */ = {isa = PBXFileReference; fileEncoding = 4; lastKnownFileType = sourcecode.cpp.cpp; name = XCACodec.cpp; path = ../common/XCACodec.cpp; sourceTree = "<group>"; };
		5530E5351CD3354400071A6D /* XCACodec.h */ = {isa = PBXFileReference; fileEncoding = 4; lastKnownFileType = sourcecode.c.h; name = XCACodec.h; path = ../common/XCACodec.h; sourceTree = "<group>"; };
		5530E5371CD3359200071A6D /* debug.h */ = {isa = PBXFileReference; fileEncoding = 4; lastKnownFileType = sourcecode.c.h; name = debug.h; path = ../utils/debug.h; sourceTree = "<group>"; };
		5530E5381CD3359200071A6D /* ringbuffer.cpp */ = {isa = PBXFileReference; fileEncoding = 4; lastKnownFileType = sourcecode.cpp.cpp; name = ringbuffer.cpp; path = ../utils/ringbuffer.cpp; sourceTree = "<group>"; };
		5530E5391CD3359200071A6D /* ringbuffer.h */ = {isa = PBXFileReference; fileEncoding = 4; lastKnownFileType = sourcecode.c.h; name = ringbuffer.h; path = ../utils/ringbuffer.h; sourceTree = "<group>"; };
		5530E53A1CD3359200071A6D /* wrap_ogg.cpp */ = {isa = PBXFileReference; fileEncoding = 4; lastKnownFileType = sourcecode.cpp.cpp; name = wrap_ogg.cpp; path = ../utils/wrap_ogg.cpp; sourceTree = "<group>"; };
		5530E53B1CD3359200071A6D /* wrap_ogg.h */ = {isa = PBXFileReference; fileEncoding = 4; lastKnownFileType = sourcecode.c.h; name = wrap_ogg.h; path = ../utils/wrap_ogg.h; sourceTree = "<group>"; };
		5530E53E1CD335EE00071A6D /* config.h */ = {isa = PBXFileReference; lastKnownFileType = sourcecode.c.h; name = config.h; path = ../common/config.h; sourceTree = "<group>"; };
		5530E53F1CD3369300071A6D /* data_types.h */ = {isa = PBXFileReference; lastKnownFileType = sourcecode.c.h; name = data_types.h; path = ../common/data_types.h; sourceTree = "<group>"; };
		5530E5401CD337B200071A6D /* CAOpusCodec.pch */ = {isa = PBXFileReference; lastKnownFileType = sourcecode.c.h; path = CAOpusCodec.pch; sourceTree = "<group>"; };
		5530E5481CD33A4200071A6D /* OpusFile.framework */ = {isa = PBXFileReference; explicitFileType = wrapper.framework; includeInIndex = 0; path = OpusFile.framework; sourceTree = BUILT_PRODUCTS_DIR; };
		5530E54C1CD33A4200071A6D /* Info.plist */ = {isa = PBXFileReference; lastKnownFileType = text.plist.xml; path = Info.plist; sourceTree = "<group>"; };
		5530E5501CD33A7A00071A6D /* opusfile.h */ = {isa = PBXFileReference; fileEncoding = 4; lastKnownFileType = sourcecode.c.h; path = opusfile.h; sourceTree = "<group>"; };
		5530E5521CD33A9600071A6D /* http.c */ = {isa = PBXFileReference; fileEncoding = 4; lastKnownFileType = sourcecode.c.c; path = http.c; sourceTree = "<group>"; };
		5530E5531CD33A9600071A6D /* info.c */ = {isa = PBXFileReference; fileEncoding = 4; lastKnownFileType = sourcecode.c.c; path = info.c; sourceTree = "<group>"; };
		5530E5541CD33A9600071A6D /* internal.c */ = {isa = PBXFileReference; fileEncoding = 4; lastKnownFileType = sourcecode.c.c; path = internal.c; sourceTree = "<group>"; };
		5530E5551CD33A9600071A6D /* internal.h */ = {isa = PBXFileReference; fileEncoding = 4; lastKnownFileType = sourcecode.c.h; path = internal.h; sourceTree = "<group>"; };
		5530E5561CD33A9600071A6D /* opusfile.c */ = {isa = PBXFileReference; fileEncoding = 4; lastKnownFileType = sourcecode.c.c; path = opusfile.c; sourceTree = "<group>"; };
		5530E5571CD33A9600071A6D /* stream.c */ = {isa = PBXFileReference; fileEncoding = 4; lastKnownFileType = sourcecode.c.c; path = stream.c; sourceTree = "<group>"; };
		5530E5581CD33A9600071A6D /* wincerts.c */ = {isa = PBXFileReference; fileEncoding = 4; lastKnownFileType = sourcecode.c.c; path = wincerts.c; sourceTree = "<group>"; };
		5530E5591CD33A9600071A6D /* winerrno.h */ = {isa = PBXFileReference; fileEncoding = 4; lastKnownFileType = sourcecode.c.h; path = winerrno.h; sourceTree = "<group>"; };
		5530E5621CD33AFB00071A6D /* Ogg.xcodeproj */ = {isa = PBXFileReference; lastKnownFileType = "wrapper.pb-project"; name = Ogg.xcodeproj; path = "../external-libs/ogg/macosx/Ogg.xcodeproj"; sourceTree = "<group>"; };
/* End PBXFileReference section */

/* Begin PBXFrameworksBuildPhase section */
		5530E4BE1CD3268500071A6D /* Frameworks */ = {
			isa = PBXFrameworksBuildPhase;
			buildActionMask = 2147483647;
			files = (
				5530E5FA1CD3D8A000071A6D /* Ogg.framework in Frameworks */,
				5530E50A1CD32DB400071A6D /* Opus.framework in Frameworks */,
			);
			runOnlyForDeploymentPostprocessing = 0;
		};
		5530E5441CD33A4200071A6D /* Frameworks */ = {
			isa = PBXFrameworksBuildPhase;
			buildActionMask = 2147483647;
			files = (
				5530E5AF1CD344D800071A6D /* Ogg.framework in Frameworks */,
				5530E5B01CD344D800071A6D /* Opus.framework in Frameworks */,
			);
			runOnlyForDeploymentPostprocessing = 0;
		};
/* End PBXFrameworksBuildPhase section */

/* Begin PBXGroup section */
		5530E4B81CD3268500071A6D = {
			isa = PBXGroup;
			children = (
				5530E4FF1CD32C5400071A6D /* DefaultConfigs.xcconfig */,
				5530E5001CD32C5400071A6D /* DebugConfigs.xcconfig */,
				5530E5171CD32E7100071A6D /* Source */,
				5530E5251CD333E500071A6D /* External Source */,
				5530E5111CD32DF500071A6D /* Resources */,
				5530E5231CD332C400071A6D /* External Libs */,
				5530E5491CD33A4200071A6D /* OpusFile */,
				5530E5241CD332D800071A6D /* Frameworks */,
				5530E4C21CD3268500071A6D /* Products */,
			);
			sourceTree = "<group>";
		};
		5530E4C21CD3268500071A6D /* Products */ = {
			isa = PBXGroup;
			children = (
				5530E4C11CD3268500071A6D /* CAOpusCodec.component */,
				5530E5481CD33A4200071A6D /* OpusFile.framework */,
			);
			name = Products;
			sourceTree = "<group>";
		};
		5530E4CA1CD326B300071A6D /* CoreAudio */ = {
			isa = PBXGroup;
			children = (
				5530E4CB1CD326B300071A6D /* AudioCodecs */,
				5530E4D71CD326B300071A6D /* PublicUtility */,
			);
			path = CoreAudio;
			sourceTree = "<group>";
		};
		5530E4CB1CD326B300071A6D /* AudioCodecs */ = {
			isa = PBXGroup;
			children = (
				5530E4CC1CD326B300071A6D /* ACPublic */,
			);
			path = AudioCodecs;
			sourceTree = "<group>";
		};
		5530E4CC1CD326B300071A6D /* ACPublic */ = {
			isa = PBXGroup;
			children = (
				5530E4CD1CD326B300071A6D /* ACBaseCodec.cpp */,
				5530E4CE1CD326B300071A6D /* ACBaseCodec.h */,
				5530E4CF1CD326B300071A6D /* ACCodec.cpp */,
				5530E4D01CD326B300071A6D /* ACCodec.h */,
				5530E4D21CD326B300071A6D /* ACCodecDispatchTypes.h */,
				5530E4D31CD326B300071A6D /* ACConditionalMacros.h */,
				5530E4D41CD326B300071A6D /* GetCodecBundle.cpp */,
				5530E4D51CD326B300071A6D /* GetCodecBundle.h */,
			);
			path = ACPublic;
			sourceTree = "<group>";
		};
		5530E4D71CD326B300071A6D /* PublicUtility */ = {
			isa = PBXGroup;
			children = (
				5530E4FC1CD32C2800071A6D /* CADebugPrintf.cpp */,
				5530E4FD1CD32C2800071A6D /* CADebugPrintf.h */,
				5530E4D81CD326B300071A6D /* CABundleLocker.cpp */,
				5530E4D91CD326B300071A6D /* CABundleLocker.h */,
				5530E4DB1CD326B300071A6D /* CADebugMacros.cpp */,
				5530E4DC1CD326B300071A6D /* CADebugMacros.h */,
				5530E4DD1CD326B300071A6D /* CAMath.h */,
				5530E4DE1CD326B300071A6D /* CAStreamBasicDescription.cpp */,
				5530E4DF1CD326B300071A6D /* CAStreamBasicDescription.h */,
			);
			path = PublicUtility;
			sourceTree = "<group>";
		};
		5530E5021CD32D9E00071A6D /* Products */ = {
			isa = PBXGroup;
			children = (
				5530E5071CD32D9E00071A6D /* Opus.framework */,
				5530E5091CD32D9E00071A6D /* libopus.a */,
			);
			name = Products;
			sourceTree = "<group>";
		};
		5530E5111CD32DF500071A6D /* Resources */ = {
			isa = PBXGroup;
			children = (
				5530E4C41CD3268500071A6D /* Info.plist */,
				5530E50B1CD32DEE00071A6D /* XCAResources.r */,
				5530E50C1CD32DEE00071A6D /* icon.icns */,
				5530E50D1CD32DEE00071A6D /* icon.r */,
				5530E50E1CD32DEE00071A6D /* CAOpusDecoderPublic.r */,
				5530E50F1CD32DEE00071A6D /* CAOpusEncoderPublic.r */,
			);
			name = Resources;
			sourceTree = "<group>";
		};
		5530E5171CD32E7100071A6D /* Source */ = {
			isa = PBXGroup;
			children = (
				5530E5261CD3340600071A6D /* CAOggOpusDecoder.cpp */,
				5530E5271CD3340600071A6D /* CAOggOpusDecoder.h */,
				5530E5281CD3340600071A6D /* CAOpusCodec.exp */,
				5530E5401CD337B200071A6D /* CAOpusCodec.pch */,
				5530E5291CD3340600071A6D /* CAOpusDecoder.cpp */,
				5530E52A1CD3340600071A6D /* CAOpusDecoder.h */,
				5530E52B1CD3340600071A6D /* CAOpusEncoder.cpp */,
				5530E52C1CD3340600071A6D /* CAOpusEncoder.h */,
				5530E52D1CD3340600071A6D /* opus_entrypoints.cpp */,
				5530E52E1CD3340600071A6D /* vorbis_versions.h */,
			);
			name = Source;
			path = src;
			sourceTree = "<group>";
		};
		5530E5191CD32EAF00071A6D /* Common */ = {
			isa = PBXGroup;
			children = (
				5530E5341CD3354400071A6D /* XCACodec.cpp */,
				5530E5351CD3354400071A6D /* XCACodec.h */,
				5530E53E1CD335EE00071A6D /* config.h */,
				5530E5371CD3359200071A6D /* debug.h */,
				5530E5381CD3359200071A6D /* ringbuffer.cpp */,
				5530E5391CD3359200071A6D /* ringbuffer.h */,
				5530E53A1CD3359200071A6D /* wrap_ogg.cpp */,
				5530E53B1CD3359200071A6D /* wrap_ogg.h */,
				5530E53F1CD3369300071A6D /* data_types.h */,
				5530E5181CD32EAB00071A6D /* fccs.h */,
			);
			name = Common;
			sourceTree = "<group>";
		};
		5530E51E1CD3324600071A6D /* ApppleSDK */ = {
			isa = PBXGroup;
			children = (
				5530E4CA1CD326B300071A6D /* CoreAudio */,
			);
			name = ApppleSDK;
			path = ../AppleSDK;
			sourceTree = "<group>";
		};
		5530E5231CD332C400071A6D /* External Libs */ = {
			isa = PBXGroup;
			children = (
				5530E5621CD33AFB00071A6D /* Ogg.xcodeproj */,
				5530E5011CD32D9E00071A6D /* Opus.xcodeproj */,
			);
			name = "External Libs";
			sourceTree = "<group>";
		};
		5530E5241CD332D800071A6D /* Frameworks */ = {
			isa = PBXGroup;
			children = (
			);
			name = Frameworks;
			sourceTree = "<group>";
		};
		5530E5251CD333E500071A6D /* External Source */ = {
			isa = PBXGroup;
			children = (
				5530E51E1CD3324600071A6D /* ApppleSDK */,
				5530E5191CD32EAF00071A6D /* Common */,
			);
			name = "External Source";
			sourceTree = "<group>";
		};
		5530E5491CD33A4200071A6D /* OpusFile */ = {
			isa = PBXGroup;
			children = (
				5530E5501CD33A7A00071A6D /* opusfile.h */,
				5530E5521CD33A9600071A6D /* http.c */,
				5530E5531CD33A9600071A6D /* info.c */,
				5530E5541CD33A9600071A6D /* internal.c */,
				5530E5551CD33A9600071A6D /* internal.h */,
				5530E5561CD33A9600071A6D /* opusfile.c */,
				5530E5571CD33A9600071A6D /* stream.c */,
				5530E5581CD33A9600071A6D /* wincerts.c */,
				5530E5591CD33A9600071A6D /* winerrno.h */,
				5530E54C1CD33A4200071A6D /* Info.plist */,
			);
			path = OpusFile;
			sourceTree = "<group>";
		};
		5530E5631CD33AFB00071A6D /* Products */ = {
			isa = PBXGroup;
			children = (
				5530E5681CD33AFB00071A6D /* Ogg.framework */,
				5530E56A1CD33AFB00071A6D /* libogg.a */,
			);
			name = Products;
			sourceTree = "<group>";
		};
/* End PBXGroup section */

/* Begin PBXHeadersBuildPhase section */
		5530E5451CD33A4200071A6D /* Headers */ = {
			isa = PBXHeadersBuildPhase;
			buildActionMask = 2147483647;
			files = (
				5530E5511CD33A7A00071A6D /* opusfile.h in Headers */,
				5530E55D1CD33A9600071A6D /* internal.h in Headers */,
				5530E5611CD33A9600071A6D /* winerrno.h in Headers */,
			);
			runOnlyForDeploymentPostprocessing = 0;
		};
/* End PBXHeadersBuildPhase section */

/* Begin PBXNativeTarget section */
		5530E4C01CD3268500071A6D /* CAOpusCodec */ = {
			isa = PBXNativeTarget;
			buildConfigurationList = 5530E4C71CD3268500071A6D /* Build configuration list for PBXNativeTarget "CAOpusCodec" */;
			buildPhases = (
				5530E4BD1CD3268500071A6D /* Sources */,
				5530E4BE1CD3268500071A6D /* Frameworks */,
				5530E4BF1CD3268500071A6D /* Resources */,
				5530E5121CD32DFD00071A6D /* Rez */,
				5530E56D1CD33B7600071A6D /* Copy Frameworks */,
				5530E5F91CD3D40400071A6D /* ShellScript */,
			);
			buildRules = (
			);
			dependencies = (
				5530E5761CD33BC400071A6D /* PBXTargetDependency */,
				5530E5781CD33BC400071A6D /* PBXTargetDependency */,
				5530E51B1CD32FCC00071A6D /* PBXTargetDependency */,
			);
			name = CAOpusCodec;
			productName = OpusCodec;
			productReference = 5530E4C11CD3268500071A6D /* CAOpusCodec.component */;
			productType = "com.apple.product-type.bundle";
		};
		5530E5471CD33A4200071A6D /* OpusFile */ = {
			isa = PBXNativeTarget;
			buildConfigurationList = 5530E54D1CD33A4200071A6D /* Build configuration list for PBXNativeTarget "OpusFile" */;
			buildPhases = (
				5530E5431CD33A4200071A6D /* Sources */,
				5530E5441CD33A4200071A6D /* Frameworks */,
				5530E5451CD33A4200071A6D /* Headers */,
				5530E5461CD33A4200071A6D /* Resources */,
			);
			buildRules = (
			);
			dependencies = (
				5530E5721CD33BB600071A6D /* PBXTargetDependency */,
				5530E5741CD33BB600071A6D /* PBXTargetDependency */,
			);
			name = OpusFile;
			productName = OpusFile;
			productReference = 5530E5481CD33A4200071A6D /* OpusFile.framework */;
			productType = "com.apple.product-type.framework";
		};
/* End PBXNativeTarget section */

/* Begin PBXProject section */
		5530E4B91CD3268500071A6D /* Project object */ = {
			isa = PBXProject;
			attributes = {
				LastUpgradeCheck = 0730;
				ORGANIZATIONNAME = "C.W. Betts";
				TargetAttributes = {
					5530E4C01CD3268500071A6D = {
						CreatedOnToolsVersion = 7.3;
					};
					5530E5471CD33A4200071A6D = {
						CreatedOnToolsVersion = 7.3;
					};
				};
			};
			buildConfigurationList = 5530E4BC1CD3268500071A6D /* Build configuration list for PBXProject "CAOpusCodec" */;
			compatibilityVersion = "Xcode 3.2";
			developmentRegion = English;
			hasScannedForEncodings = 0;
			knownRegions = (
				en,
			);
			mainGroup = 5530E4B81CD3268500071A6D;
			productRefGroup = 5530E4C21CD3268500071A6D /* Products */;
			projectDirPath = "";
			projectReferences = (
				{
					ProductGroup = 5530E5631CD33AFB00071A6D /* Products */;
					ProjectRef = 5530E5621CD33AFB00071A6D /* Ogg.xcodeproj */;
				},
				{
					ProductGroup = 5530E5021CD32D9E00071A6D /* Products */;
					ProjectRef = 5530E5011CD32D9E00071A6D /* Opus.xcodeproj */;
				},
			);
			projectRoot = "";
			targets = (
				5530E4C01CD3268500071A6D /* CAOpusCodec */,
				5530E5471CD33A4200071A6D /* OpusFile */,
			);
		};
/* End PBXProject section */

/* Begin PBXReferenceProxy section */
		5530E5071CD32D9E00071A6D /* Opus.framework */ = {
			isa = PBXReferenceProxy;
			fileType = wrapper.framework;
			path = Opus.framework;
			remoteRef = 5530E5061CD32D9E00071A6D /* PBXContainerItemProxy */;
			sourceTree = BUILT_PRODUCTS_DIR;
		};
		5530E5091CD32D9E00071A6D /* libopus.a */ = {
			isa = PBXReferenceProxy;
			fileType = archive.ar;
			path = libopus.a;
			remoteRef = 5530E5081CD32D9E00071A6D /* PBXContainerItemProxy */;
			sourceTree = BUILT_PRODUCTS_DIR;
		};
		5530E5681CD33AFB00071A6D /* Ogg.framework */ = {
			isa = PBXReferenceProxy;
			fileType = wrapper.framework;
			path = Ogg.framework;
			remoteRef = 5530E5671CD33AFB00071A6D /* PBXContainerItemProxy */;
			sourceTree = BUILT_PRODUCTS_DIR;
		};
		5530E56A1CD33AFB00071A6D /* libogg.a */ = {
			isa = PBXReferenceProxy;
			fileType = archive.ar;
			path = libogg.a;
			remoteRef = 5530E5691CD33AFB00071A6D /* PBXContainerItemProxy */;
			sourceTree = BUILT_PRODUCTS_DIR;
		};
/* End PBXReferenceProxy section */

/* Begin PBXResourcesBuildPhase section */
		5530E4BF1CD3268500071A6D /* Resources */ = {
			isa = PBXResourcesBuildPhase;
			buildActionMask = 2147483647;
			files = (
				5530E5101CD32DEE00071A6D /* icon.icns in Resources */,
			);
			runOnlyForDeploymentPostprocessing = 0;
		};
		5530E5461CD33A4200071A6D /* Resources */ = {
			isa = PBXResourcesBuildPhase;
			buildActionMask = 2147483647;
			files = (
			);
			runOnlyForDeploymentPostprocessing = 0;
		};
/* End PBXResourcesBuildPhase section */

/* Begin PBXRezBuildPhase section */
		5530E5121CD32DFD00071A6D /* Rez */ = {
			isa = PBXRezBuildPhase;
			buildActionMask = 2147483647;
			files = (
				5530E5151CD32E0700071A6D /* CAOpusDecoderPublic.r in Rez */,
				5530E5161CD32E0700071A6D /* CAOpusEncoderPublic.r in Rez */,
			);
			runOnlyForDeploymentPostprocessing = 0;
		};
/* End PBXRezBuildPhase section */

/* Begin PBXShellScriptBuildPhase section */
		5530E5F91CD3D40400071A6D /* ShellScript */ = {
			isa = PBXShellScriptBuildPhase;
			buildActionMask = 2147483647;
			files = (
			);
			inputPaths = (
				../resources/icon.r,
				../resources/icon.icns,
			);
			outputPaths = (
			);
			runOnlyForDeploymentPostprocessing = 0;
			shellPath = /bin/sh;
			shellScript = "cd ../resources\n${SYSTEM_DEVELOPER_TOOLS}/Rez -o \"${TARGET_BUILD_DIR}/${FULL_PRODUCT_NAME}\"/$'Icon\\x0D' icon.r\n${SYSTEM_DEVELOPER_TOOLS}/SetFile -a CE \"${TARGET_BUILD_DIR}/${FULL_PRODUCT_NAME}\"";
		};
/* End PBXShellScriptBuildPhase section */

/* Begin PBXSourcesBuildPhase section */
		5530E4BD1CD3268500071A6D /* Sources */ = {
			isa = PBXSourcesBuildPhase;
			buildActionMask = 2147483647;
			files = (
				5530E4FE1CD32C2800071A6D /* CADebugPrintf.cpp in Sources */,
				5530E5321CD3340600071A6D /* CAOpusEncoder.cpp in Sources */,
				5530E5311CD3340600071A6D /* CAOpusDecoder.cpp in Sources */,
				5530E53D1CD3359200071A6D /* wrap_ogg.cpp in Sources */,
				5530E4E21CD326B300071A6D /* GetCodecBundle.cpp in Sources */,
				5530E5361CD3354400071A6D /* XCACodec.cpp in Sources */,
				5530E4E11CD326B300071A6D /* ACCodec.cpp in Sources */,
				5530E5331CD3340600071A6D /* opus_entrypoints.cpp in Sources */,
				5530E4E41CD326B300071A6D /* CABundleLocker.cpp in Sources */,
				5530E4E51CD326B300071A6D /* CADebugMacros.cpp in Sources */,
				5530E52F1CD3340600071A6D /* CAOggOpusDecoder.cpp in Sources */,
				5530E53C1CD3359200071A6D /* ringbuffer.cpp in Sources */,
				5530E4E01CD326B300071A6D /* ACBaseCodec.cpp in Sources */,
				5530E4E61CD326B300071A6D /* CAStreamBasicDescription.cpp in Sources */,
			);
			runOnlyForDeploymentPostprocessing = 0;
		};
		5530E5431CD33A4200071A6D /* Sources */ = {
			isa = PBXSourcesBuildPhase;
			buildActionMask = 2147483647;
			files = (
				5530E55A1CD33A9600071A6D /* http.c in Sources */,
				5530E55B1CD33A9600071A6D /* info.c in Sources */,
				5530E5601CD33A9600071A6D /* wincerts.c in Sources */,
				5530E55E1CD33A9600071A6D /* opusfile.c in Sources */,
				5530E55C1CD33A9600071A6D /* internal.c in Sources */,
				5530E55F1CD33A9600071A6D /* stream.c in Sources */,
			);
			runOnlyForDeploymentPostprocessing = 0;
		};
/* End PBXSourcesBuildPhase section */

/* Begin PBXTargetDependency section */
		5530E51B1CD32FCC00071A6D /* PBXTargetDependency */ = {
			isa = PBXTargetDependency;
			name = Opus;
			targetProxy = 5530E51A1CD32FCC00071A6D /* PBXContainerItemProxy */;
		};
		5530E5721CD33BB600071A6D /* PBXTargetDependency */ = {
			isa = PBXTargetDependency;
			name = Ogg;
			targetProxy = 5530E5711CD33BB600071A6D /* PBXContainerItemProxy */;
		};
		5530E5741CD33BB600071A6D /* PBXTargetDependency */ = {
			isa = PBXTargetDependency;
			name = Opus;
			targetProxy = 5530E5731CD33BB600071A6D /* PBXContainerItemProxy */;
		};
		5530E5761CD33BC400071A6D /* PBXTargetDependency */ = {
			isa = PBXTargetDependency;
			target = 5530E5471CD33A4200071A6D /* OpusFile */;
			targetProxy = 5530E5751CD33BC400071A6D /* PBXContainerItemProxy */;
		};
		5530E5781CD33BC400071A6D /* PBXTargetDependency */ = {
			isa = PBXTargetDependency;
			name = Ogg;
			targetProxy = 5530E5771CD33BC400071A6D /* PBXContainerItemProxy */;
		};
/* End PBXTargetDependency section */

/* Begin XCBuildConfiguration section */
		5530E4C51CD3268500071A6D /* Debug */ = {
			isa = XCBuildConfiguration;
			baseConfigurationReference = 5530E5001CD32C5400071A6D /* DebugConfigs.xcconfig */;
			buildSettings = {
				ARCHS = "$(ARCHS_STANDARD_32_64_BIT)";
				CLANG_ANALYZER_NONNULL = YES;
				CLANG_ENABLE_OBJC_ARC = YES;
				CLANG_WARN_BOOL_CONVERSION = YES;
				CLANG_WARN_CONSTANT_CONVERSION = YES;
				CLANG_WARN_DIRECT_OBJC_ISA_USAGE = YES_ERROR;
				CLANG_WARN_EMPTY_BODY = YES;
				CLANG_WARN_ENUM_CONVERSION = YES;
				CLANG_WARN_INT_CONVERSION = YES;
				CLANG_WARN_OBJC_ROOT_CLASS = YES_ERROR;
				CLANG_WARN_UNREACHABLE_CODE = YES;
				CLANG_WARN__DUPLICATE_METHOD_MATCH = YES;
				CODE_SIGN_IDENTITY = "-";
				COPY_PHASE_STRIP = NO;
				DEBUG_INFORMATION_FORMAT = dwarf;
				ENABLE_STRICT_OBJC_MSGSEND = YES;
				ENABLE_TESTABILITY = YES;
				GCC_C_LANGUAGE_STANDARD = gnu99;
				GCC_DYNAMIC_NO_PIC = NO;
				GCC_NO_COMMON_BLOCKS = YES;
				GCC_OPTIMIZATION_LEVEL = 0;
				GCC_PRECOMPILE_PREFIX_HEADER = YES;
				GCC_PREFIX_HEADER = src/CAOpusCodec.pch;
				GCC_PREPROCESSOR_DEFINITIONS = (
					"$(GCC_PREPROCESSOR_DEFINITIONS)",
					QT_IA32__VBR_BROKEN,
				);
				GCC_WARN_64_TO_32_BIT_CONVERSION = YES;
				GCC_WARN_ABOUT_RETURN_TYPE = YES_ERROR;
				GCC_WARN_UNDECLARED_SELECTOR = YES;
				GCC_WARN_UNINITIALIZED_AUTOS = YES_AGGRESSIVE;
				GCC_WARN_UNUSED_FUNCTION = YES;
				GCC_WARN_UNUSED_VARIABLE = YES;
				MTL_ENABLE_DEBUG_INFO = YES;
				ONLY_ACTIVE_ARCH = YES;
				SDKROOT = macosx;
			};
			name = Debug;
		};
		5530E4C61CD3268500071A6D /* Release */ = {
			isa = XCBuildConfiguration;
			baseConfigurationReference = 5530E4FF1CD32C5400071A6D /* DefaultConfigs.xcconfig */;
			buildSettings = {
				ARCHS = "$(ARCHS_STANDARD_32_64_BIT)";
				CLANG_ANALYZER_NONNULL = YES;
				CLANG_ENABLE_OBJC_ARC = YES;
				CLANG_WARN_BOOL_CONVERSION = YES;
				CLANG_WARN_CONSTANT_CONVERSION = YES;
				CLANG_WARN_DIRECT_OBJC_ISA_USAGE = YES_ERROR;
				CLANG_WARN_EMPTY_BODY = YES;
				CLANG_WARN_ENUM_CONVERSION = YES;
				CLANG_WARN_INT_CONVERSION = YES;
				CLANG_WARN_OBJC_ROOT_CLASS = YES_ERROR;
				CLANG_WARN_UNREACHABLE_CODE = YES;
				CLANG_WARN__DUPLICATE_METHOD_MATCH = YES;
				CODE_SIGN_IDENTITY = "-";
				COPY_PHASE_STRIP = NO;
				DEBUG_INFORMATION_FORMAT = "dwarf-with-dsym";
				ENABLE_NS_ASSERTIONS = NO;
				ENABLE_STRICT_OBJC_MSGSEND = YES;
				GCC_C_LANGUAGE_STANDARD = gnu99;
				GCC_NO_COMMON_BLOCKS = YES;
				GCC_PRECOMPILE_PREFIX_HEADER = YES;
				GCC_PREFIX_HEADER = src/CAOpusCodec.pch;
				GCC_PREPROCESSOR_DEFINITIONS = (
					"$(GCC_PREPROCESSOR_DEFINITIONS)",
					QT_IA32__VBR_BROKEN,
				);
				GCC_WARN_64_TO_32_BIT_CONVERSION = YES;
				GCC_WARN_ABOUT_RETURN_TYPE = YES_ERROR;
				GCC_WARN_UNDECLARED_SELECTOR = YES;
				GCC_WARN_UNINITIALIZED_AUTOS = YES_AGGRESSIVE;
				GCC_WARN_UNUSED_FUNCTION = YES;
				GCC_WARN_UNUSED_VARIABLE = YES;
				MTL_ENABLE_DEBUG_INFO = NO;
				OTHER_CFLAGS = (
					"$(inherited)",
					"-falign-loops=16",
				);
				SDKROOT = macosx;
			};
			name = Release;
		};
		5530E4C81CD3268500071A6D /* Debug */ = {
			isa = XCBuildConfiguration;
			buildSettings = {
				COMBINE_HIDPI_IMAGES = YES;
				EXPORTED_SYMBOLS_FILE = src/CAOpusCodec.exp;
				INFOPLIST_FILE = OpusCodec/Info.plist;
				INSTALL_PATH = "$(LOCAL_LIBRARY_DIR)/Bundles";
				PRODUCT_BUNDLE_IDENTIFIER = com.github.maddthesane.OpusCodec;
				PRODUCT_NAME = CAOpusCodec;
				SKIP_INSTALL = YES;
				WRAPPER_EXTENSION = component;
			};
			name = Debug;
		};
		5530E4C91CD3268500071A6D /* Release */ = {
			isa = XCBuildConfiguration;
			buildSettings = {
				COMBINE_HIDPI_IMAGES = YES;
				EXPORTED_SYMBOLS_FILE = src/CAOpusCodec.exp;
				INFOPLIST_FILE = OpusCodec/Info.plist;
				INSTALL_PATH = "$(LOCAL_LIBRARY_DIR)/Bundles";
				PRODUCT_BUNDLE_IDENTIFIER = com.github.maddthesane.OpusCodec;
				PRODUCT_NAME = CAOpusCodec;
				SKIP_INSTALL = YES;
				WRAPPER_EXTENSION = component;
			};
			name = Release;
		};
		5530E54E1CD33A4200071A6D /* Debug */ = {
			isa = XCBuildConfiguration;
			buildSettings = {
				CLANG_CXX_LANGUAGE_STANDARD = "gnu++0x";
				CLANG_CXX_LIBRARY = "libc++";
				COMBINE_HIDPI_IMAGES = YES;
				CURRENT_PROJECT_VERSION = 0.7;
				DEFINES_MODULE = YES;
				DYLIB_COMPATIBILITY_VERSION = 1;
				DYLIB_CURRENT_VERSION = 1;
				DYLIB_INSTALL_NAME_BASE = "@rpath";
				FRAMEWORK_VERSION = A;
				GCC_PREPROCESSOR_DEFINITIONS = (
					"DEBUG=1",
					"$(inherited)",
				);
				INFOPLIST_FILE = OpusFile/Info.plist;
				INSTALL_PATH = "$(LOCAL_LIBRARY_DIR)/Frameworks";
				LD_RUNPATH_SEARCH_PATHS = "$(inherited) @executable_path/../Frameworks @loader_path/Frameworks";
				MACOSX_DEPLOYMENT_TARGET = 10.11;
				PRODUCT_BUNDLE_IDENTIFIER = com.github.maddthesane.OpusFile;
				PRODUCT_NAME = "$(TARGET_NAME)";
				REEXPORTED_FRAMEWORK_NAMES = Opus;
				SKIP_INSTALL = YES;
				VERSIONING_SYSTEM = "apple-generic";
				VERSION_INFO_PREFIX = "";
			};
			name = Debug;
		};
		5530E54F1CD33A4200071A6D /* Release */ = {
			isa = XCBuildConfiguration;
			buildSettings = {
				CLANG_CXX_LANGUAGE_STANDARD = "gnu++0x";
				CLANG_CXX_LIBRARY = "libc++";
				COMBINE_HIDPI_IMAGES = YES;
				CURRENT_PROJECT_VERSION = 0.7;
				DEFINES_MODULE = YES;
				DYLIB_COMPATIBILITY_VERSION = 1;
				DYLIB_CURRENT_VERSION = 1;
				DYLIB_INSTALL_NAME_BASE = "@rpath";
				FRAMEWORK_VERSION = A;
				INFOPLIST_FILE = OpusFile/Info.plist;
				INSTALL_PATH = "$(LOCAL_LIBRARY_DIR)/Frameworks";
				LD_RUNPATH_SEARCH_PATHS = "$(inherited) @executable_path/../Frameworks @loader_path/Frameworks";
				MACOSX_DEPLOYMENT_TARGET = 10.11;
				PRODUCT_BUNDLE_IDENTIFIER = com.github.maddthesane.OpusFile;
				PRODUCT_NAME = "$(TARGET_NAME)";
				REEXPORTED_FRAMEWORK_NAMES = Opus;
				SKIP_INSTALL = YES;
				VERSIONING_SYSTEM = "apple-generic";
				VERSION_INFO_PREFIX = "";
			};
			name = Release;
		};
/* End XCBuildConfiguration section */

/* Begin XCConfigurationList section */
		5530E4BC1CD3268500071A6D /* Build configuration list for PBXProject "CAOpusCodec" */ = {
			isa = XCConfigurationList;
			buildConfigurations = (
				5530E4C51CD3268500071A6D /* Debug */,
				5530E4C61CD3268500071A6D /* Release */,
			);
			defaultConfigurationIsVisible = 0;
			defaultConfigurationName = Release;
		};
		5530E4C71CD3268500071A6D /* Build configuration list for PBXNativeTarget "CAOpusCodec" */ = {
			isa = XCConfigurationList;
			buildConfigurations = (
				5530E4C81CD3268500071A6D /* Debug */,
				5530E4C91CD3268500071A6D /* Release */,
			);
			defaultConfigurationIsVisible = 0;
			defaultConfigurationName = Release;
		};
		5530E54D1CD33A4200071A6D /* Build configuration list for PBXNativeTarget "OpusFile" */ = {
			isa = XCConfigurationList;
			buildConfigurations = (
				5530E54E1CD33A4200071A6D /* Debug */,
				5530E54F1CD33A4200071A6D /* Release */,
			);
			defaultConfigurationIsVisible = 0;
			defaultConfigurationName = Release;
		};
/* End XCConfigurationList section */
	};
	rootObject = 5530E4B91CD3268500071A6D /* Project object */;
}
